{
  "version": 4,
  "terraform_version": "1.4.6",
  "serial": 113,
  "lineage": "3e9b205c-f7ef-7b0d-f052-f3478e282c50",
  "outputs": {
    "cosmosdb_primary_connectionstring": {
      "value": [
        "AccountEndpoint=https://dev-cosmos-fantasygaming-db-87152.documents.azure.com:443/;AccountKey=iPQVuynXxtujXQ90y44BMk07XT60XS1pMztQTBP5JmsvNAeMIzS2z7atxsol2h9QgH092Kn6w6pRACDbq4Wx7A==;",
        "AccountEndpoint=https://dev-cosmos-fantasygaming-db-87152.documents.azure.com:443/;AccountKey=ELazJCHCJfJo97fx3Enpr6hm2hNsSEAI5BZy2CvY3Rc8eEZOM467TGQluqcdy6lGdV6zU0rRZDlpACDbrzA91g==;",
        "AccountEndpoint=https://dev-cosmos-fantasygaming-db-87152.documents.azure.com:443/;AccountKey=tEVduU1qdyPkTfxeLfqYyPossZyupcnNiOmHjWheLJRrql8rtRJfDSLrpWrkihbEYyVvE6QrwIdtACDbK68DBg==;",
        "AccountEndpoint=https://dev-cosmos-fantasygaming-db-87152.documents.azure.com:443/;AccountKey=NzWgZOCH0fMJLZeRjBfggcr0iKY0dnWQqo488NZP90ySa4bDPomLgodoZE4PGRVN84ljBNMfdzKMACDbM1T1Ew==;"
      ],
      "type": [
        "list",
        "string"
      ],
      "sensitive": true
    },
    "gamesvc_error_message_queue_name": {
      "value": "gamesvc-error-queue",
      "type": "string"
    },
    "gamesvc_messages_queue_name": {
      "value": "gamesvc-queue",
      "type": "string"
    },
    "paymentsvc_error_message_queue_name": {
      "value": "paymentsvc-error-queue",
      "type": "string"
    },
    "paymentsvc_messages_queue_name": {
      "value": "paymentsvc-queue",
      "type": "string"
    },
    "resource_group_name": {
      "value": "fantasygaming-dev",
      "type": "string"
    },
    "sagareply_error_message_queue_name": {
      "value": "sagareply-error-queue",
      "type": "string"
    },
    "sagareply_messages_queue_name": {
      "value": "sagareply-queue",
      "type": "string"
    },
    "servicebus_reader_writer_connection_string": {
      "value": "Endpoint=sb://fantasygaming-bus.servicebus.windows.net/;SharedAccessKeyName=servicebusReaderWriter;SharedAccessKey=HDPtAKgAhB3io462LJjB3MjNZ4g8qJA1K+ASbIJbhmw=",
      "type": "string",
      "sensitive": true
    }
  },
  "resources": [
    {
      "module": "module.common",
      "mode": "managed",
      "type": "azurerm_resource_group",
      "name": "rg",
      "provider": "provider[\"registry.terraform.io/hashicorp/azurerm\"]",
      "instances": [
        {
          "schema_version": 0,
          "attributes": {
            "id": "/subscriptions/a6069e41-20e6-4882-b1f8-eaa9ecb2b060/resourceGroups/fantasygaming-dev",
            "location": "southindia",
            "name": "fantasygaming-dev",
            "tags": {
              "BillingCode": "fantasygaming",
              "Environment": "dev"
            },
            "timeouts": null
          },
          "sensitive_attributes": [],
          "private": "eyJlMmJmYjczMC1lY2FhLTExZTYtOGY4OC0zNDM2M2JjN2M0YzAiOnsiY3JlYXRlIjo1NDAwMDAwMDAwMDAwLCJkZWxldGUiOjU0MDAwMDAwMDAwMDAsInJlYWQiOjMwMDAwMDAwMDAwMCwidXBkYXRlIjo1NDAwMDAwMDAwMDAwfX0="
        }
      ]
    },
    {
      "module": "module.cosmosdb",
      "mode": "managed",
      "type": "azurerm_cosmosdb_account",
      "name": "fantasygaming-db-account",
      "provider": "provider[\"registry.terraform.io/hashicorp/azurerm\"]",
      "instances": [
        {
          "schema_version": 0,
          "attributes": {
            "access_key_metadata_writes_enabled": true,
            "analytical_storage": [
              {
                "schema_type": "WellDefined"
              }
            ],
            "analytical_storage_enabled": false,
            "backup": [
              {
                "interval_in_minutes": 240,
                "retention_in_hours": 8,
                "storage_redundancy": "Geo",
                "type": "Periodic"
              }
            ],
            "capabilities": [],
            "capacity": [],
            "connection_strings": [
              "AccountEndpoint=https://dev-cosmos-fantasygaming-db-87152.documents.azure.com:443/;AccountKey=iPQVuynXxtujXQ90y44BMk07XT60XS1pMztQTBP5JmsvNAeMIzS2z7atxsol2h9QgH092Kn6w6pRACDbq4Wx7A==;",
              "AccountEndpoint=https://dev-cosmos-fantasygaming-db-87152.documents.azure.com:443/;AccountKey=ELazJCHCJfJo97fx3Enpr6hm2hNsSEAI5BZy2CvY3Rc8eEZOM467TGQluqcdy6lGdV6zU0rRZDlpACDbrzA91g==;",
              "AccountEndpoint=https://dev-cosmos-fantasygaming-db-87152.documents.azure.com:443/;AccountKey=tEVduU1qdyPkTfxeLfqYyPossZyupcnNiOmHjWheLJRrql8rtRJfDSLrpWrkihbEYyVvE6QrwIdtACDbK68DBg==;",
              "AccountEndpoint=https://dev-cosmos-fantasygaming-db-87152.documents.azure.com:443/;AccountKey=NzWgZOCH0fMJLZeRjBfggcr0iKY0dnWQqo488NZP90ySa4bDPomLgodoZE4PGRVN84ljBNMfdzKMACDbM1T1Ew==;"
            ],
            "consistency_policy": [
              {
                "consistency_level": "Session",
                "max_interval_in_seconds": 5,
                "max_staleness_prefix": 100
              }
            ],
            "cors_rule": [],
            "create_mode": "",
            "default_identity_type": "FirstPartyIdentity",
            "enable_automatic_failover": false,
            "enable_free_tier": false,
            "enable_multiple_write_locations": false,
            "endpoint": "https://dev-cosmos-fantasygaming-db-87152.documents.azure.com:443/",
            "geo_location": [
              {
                "failover_priority": 0,
                "id": "dev-cosmos-fantasygaming-db-87152-southindia",
                "location": "southindia",
                "prefix": "",
                "zone_redundant": false
              }
            ],
            "id": "/subscriptions/a6069e41-20e6-4882-b1f8-eaa9ecb2b060/resourceGroups/fantasygaming-dev/providers/Microsoft.DocumentDB/databaseAccounts/dev-cosmos-fantasygaming-db-87152",
            "identity": [],
            "ip_range_filter": "",
            "is_virtual_network_filter_enabled": false,
            "key_vault_key_id": null,
            "kind": "GlobalDocumentDB",
            "local_authentication_disabled": false,
            "location": "southindia",
            "mongo_server_version": null,
            "name": "dev-cosmos-fantasygaming-db-87152",
            "network_acl_bypass_for_azure_services": false,
            "network_acl_bypass_ids": null,
            "offer_type": "Standard",
            "primary_key": "iPQVuynXxtujXQ90y44BMk07XT60XS1pMztQTBP5JmsvNAeMIzS2z7atxsol2h9QgH092Kn6w6pRACDbq4Wx7A==",
            "primary_master_key": "iPQVuynXxtujXQ90y44BMk07XT60XS1pMztQTBP5JmsvNAeMIzS2z7atxsol2h9QgH092Kn6w6pRACDbq4Wx7A==",
            "primary_readonly_key": "tEVduU1qdyPkTfxeLfqYyPossZyupcnNiOmHjWheLJRrql8rtRJfDSLrpWrkihbEYyVvE6QrwIdtACDbK68DBg==",
            "primary_readonly_master_key": "tEVduU1qdyPkTfxeLfqYyPossZyupcnNiOmHjWheLJRrql8rtRJfDSLrpWrkihbEYyVvE6QrwIdtACDbK68DBg==",
            "public_network_access_enabled": true,
            "read_endpoints": [
              "https://dev-cosmos-fantasygaming-db-87152-southindia.documents.azure.com:443/"
            ],
            "resource_group_name": "fantasygaming-dev",
            "restore": [],
            "secondary_key": "ELazJCHCJfJo97fx3Enpr6hm2hNsSEAI5BZy2CvY3Rc8eEZOM467TGQluqcdy6lGdV6zU0rRZDlpACDbrzA91g==",
            "secondary_master_key": "ELazJCHCJfJo97fx3Enpr6hm2hNsSEAI5BZy2CvY3Rc8eEZOM467TGQluqcdy6lGdV6zU0rRZDlpACDbrzA91g==",
            "secondary_readonly_key": "NzWgZOCH0fMJLZeRjBfggcr0iKY0dnWQqo488NZP90ySa4bDPomLgodoZE4PGRVN84ljBNMfdzKMACDbM1T1Ew==",
            "secondary_readonly_master_key": "NzWgZOCH0fMJLZeRjBfggcr0iKY0dnWQqo488NZP90ySa4bDPomLgodoZE4PGRVN84ljBNMfdzKMACDbM1T1Ew==",
            "tags": {
              "BillingCode": "fantasygaming",
              "Environment": "dev"
            },
            "timeouts": null,
            "virtual_network_rule": [],
            "write_endpoints": [
              "https://dev-cosmos-fantasygaming-db-87152-southindia.documents.azure.com:443/"
            ]
          },
          "sensitive_attributes": [],
          "private": "eyJlMmJmYjczMC1lY2FhLTExZTYtOGY4OC0zNDM2M2JjN2M0YzAiOnsiY3JlYXRlIjoxMDgwMDAwMDAwMDAwMCwiZGVsZXRlIjoxMDgwMDAwMDAwMDAwMCwicmVhZCI6MzAwMDAwMDAwMDAwLCJ1cGRhdGUiOjEwODAwMDAwMDAwMDAwfX0=",
          "dependencies": [
            "module.common.azurerm_resource_group.rg",
            "module.cosmosdb.random_integer.sagalogic-ri"
          ]
        }
      ]
    },
    {
      "module": "module.cosmosdb",
      "mode": "managed",
      "type": "azurerm_cosmosdb_sql_container",
      "name": "fantasygaming-sql-container",
      "provider": "provider[\"registry.terraform.io/hashicorp/azurerm\"]",
      "instances": [
        {
          "index_key": "gameregistration",
          "schema_version": 1,
          "attributes": {
            "account_name": "dev-cosmos-fantasygaming-db-87152",
            "analytical_storage_ttl": null,
            "autoscale_settings": [],
            "conflict_resolution_policy": [
              {
                "conflict_resolution_path": "/_ts",
                "conflict_resolution_procedure": "",
                "mode": "LastWriterWins"
              }
            ],
            "database_name": "dev-cosmos-sql-db",
            "default_ttl": null,
            "id": "/subscriptions/a6069e41-20e6-4882-b1f8-eaa9ecb2b060/resourceGroups/fantasygaming-dev/providers/Microsoft.DocumentDB/databaseAccounts/dev-cosmos-fantasygaming-db-87152/sqlDatabases/dev-cosmos-sql-db/containers/gameregistration",
            "indexing_policy": [
              {
                "composite_index": [],
                "excluded_path": [],
                "included_path": [
                  {
                    "path": "/*"
                  }
                ],
                "indexing_mode": "consistent",
                "spatial_index": []
              }
            ],
            "name": "gameregistration",
            "partition_key_path": "/userid",
            "partition_key_version": null,
            "resource_group_name": "fantasygaming-dev",
            "throughput": 0,
            "timeouts": null,
            "unique_key": []
          },
          "sensitive_attributes": [],
          "private": "eyJlMmJmYjczMC1lY2FhLTExZTYtOGY4OC0zNDM2M2JjN2M0YzAiOnsiY3JlYXRlIjoxODAwMDAwMDAwMDAwLCJkZWxldGUiOjE4MDAwMDAwMDAwMDAsInJlYWQiOjMwMDAwMDAwMDAwMCwidXBkYXRlIjoxODAwMDAwMDAwMDAwfSwic2NoZW1hX3ZlcnNpb24iOiIxIn0=",
          "dependencies": [
            "module.common.azurerm_resource_group.rg",
            "module.cosmosdb.azurerm_cosmosdb_account.fantasygaming-db-account",
            "module.cosmosdb.azurerm_cosmosdb_sql_database.fantasygaming-sql-database",
            "module.cosmosdb.random_integer.sagalogic-ri"
          ]
        },
        {
          "index_key": "payment",
          "schema_version": 1,
          "attributes": {
            "account_name": "dev-cosmos-fantasygaming-db-87152",
            "analytical_storage_ttl": null,
            "autoscale_settings": [],
            "conflict_resolution_policy": [
              {
                "conflict_resolution_path": "/_ts",
                "conflict_resolution_procedure": "",
                "mode": "LastWriterWins"
              }
            ],
            "database_name": "dev-cosmos-sql-db",
            "default_ttl": null,
            "id": "/subscriptions/a6069e41-20e6-4882-b1f8-eaa9ecb2b060/resourceGroups/fantasygaming-dev/providers/Microsoft.DocumentDB/databaseAccounts/dev-cosmos-fantasygaming-db-87152/sqlDatabases/dev-cosmos-sql-db/containers/payment",
            "indexing_policy": [
              {
                "composite_index": [],
                "excluded_path": [],
                "included_path": [
                  {
                    "path": "/*"
                  }
                ],
                "indexing_mode": "consistent",
                "spatial_index": []
              }
            ],
            "name": "payment",
            "partition_key_path": "/userid",
            "partition_key_version": null,
            "resource_group_name": "fantasygaming-dev",
            "throughput": 0,
            "timeouts": null,
            "unique_key": []
          },
          "sensitive_attributes": [],
          "private": "eyJlMmJmYjczMC1lY2FhLTExZTYtOGY4OC0zNDM2M2JjN2M0YzAiOnsiY3JlYXRlIjoxODAwMDAwMDAwMDAwLCJkZWxldGUiOjE4MDAwMDAwMDAwMDAsInJlYWQiOjMwMDAwMDAwMDAwMCwidXBkYXRlIjoxODAwMDAwMDAwMDAwfSwic2NoZW1hX3ZlcnNpb24iOiIxIn0=",
          "dependencies": [
            "module.common.azurerm_resource_group.rg",
            "module.cosmosdb.azurerm_cosmosdb_account.fantasygaming-db-account",
            "module.cosmosdb.azurerm_cosmosdb_sql_database.fantasygaming-sql-database",
            "module.cosmosdb.random_integer.sagalogic-ri"
          ]
        },
        {
          "index_key": "saga",
          "schema_version": 1,
          "attributes": {
            "account_name": "dev-cosmos-fantasygaming-db-87152",
            "analytical_storage_ttl": null,
            "autoscale_settings": [],
            "conflict_resolution_policy": [
              {
                "conflict_resolution_path": "/_ts",
                "conflict_resolution_procedure": "",
                "mode": "LastWriterWins"
              }
            ],
            "database_name": "dev-cosmos-sql-db",
            "default_ttl": null,
            "id": "/subscriptions/a6069e41-20e6-4882-b1f8-eaa9ecb2b060/resourceGroups/fantasygaming-dev/providers/Microsoft.DocumentDB/databaseAccounts/dev-cosmos-fantasygaming-db-87152/sqlDatabases/dev-cosmos-sql-db/containers/saga",
            "indexing_policy": [
              {
                "composite_index": [],
                "excluded_path": [],
                "included_path": [
                  {
                    "path": "/*"
                  }
                ],
                "indexing_mode": "consistent",
                "spatial_index": []
              }
            ],
            "name": "saga",
            "partition_key_path": "/Id",
            "partition_key_version": null,
            "resource_group_name": "fantasygaming-dev",
            "throughput": 0,
            "timeouts": null,
            "unique_key": []
          },
          "sensitive_attributes": [],
          "private": "eyJlMmJmYjczMC1lY2FhLTExZTYtOGY4OC0zNDM2M2JjN2M0YzAiOnsiY3JlYXRlIjoxODAwMDAwMDAwMDAwLCJkZWxldGUiOjE4MDAwMDAwMDAwMDAsInJlYWQiOjMwMDAwMDAwMDAwMCwidXBkYXRlIjoxODAwMDAwMDAwMDAwfSwic2NoZW1hX3ZlcnNpb24iOiIxIn0=",
          "dependencies": [
            "module.common.azurerm_resource_group.rg",
            "module.cosmosdb.azurerm_cosmosdb_account.fantasygaming-db-account",
            "module.cosmosdb.azurerm_cosmosdb_sql_database.fantasygaming-sql-database",
            "module.cosmosdb.random_integer.sagalogic-ri"
          ]
        }
      ]
    },
    {
      "module": "module.cosmosdb",
      "mode": "managed",
      "type": "azurerm_cosmosdb_sql_database",
      "name": "fantasygaming-sql-database",
      "provider": "provider[\"registry.terraform.io/hashicorp/azurerm\"]",
      "instances": [
        {
          "schema_version": 1,
          "attributes": {
            "account_name": "dev-cosmos-fantasygaming-db-87152",
            "autoscale_settings": [],
            "id": "/subscriptions/a6069e41-20e6-4882-b1f8-eaa9ecb2b060/resourceGroups/fantasygaming-dev/providers/Microsoft.DocumentDB/databaseAccounts/dev-cosmos-fantasygaming-db-87152/sqlDatabases/dev-cosmos-sql-db",
            "name": "dev-cosmos-sql-db",
            "resource_group_name": "fantasygaming-dev",
            "throughput": 500,
            "timeouts": null
          },
          "sensitive_attributes": [],
          "private": "eyJlMmJmYjczMC1lY2FhLTExZTYtOGY4OC0zNDM2M2JjN2M0YzAiOnsiY3JlYXRlIjoxODAwMDAwMDAwMDAwLCJkZWxldGUiOjE4MDAwMDAwMDAwMDAsInJlYWQiOjMwMDAwMDAwMDAwMCwidXBkYXRlIjoxODAwMDAwMDAwMDAwfSwic2NoZW1hX3ZlcnNpb24iOiIxIn0=",
          "dependencies": [
            "module.common.azurerm_resource_group.rg",
            "module.cosmosdb.azurerm_cosmosdb_account.fantasygaming-db-account",
            "module.cosmosdb.random_integer.sagalogic-ri"
          ]
        }
      ]
    },
    {
      "module": "module.cosmosdb",
      "mode": "managed",
      "type": "random_integer",
      "name": "sagalogic-ri",
      "provider": "provider[\"registry.terraform.io/hashicorp/random\"]",
      "instances": [
        {
          "schema_version": 0,
          "attributes": {
            "id": "87152",
            "keepers": null,
            "max": 99999,
            "min": 10000,
            "result": 87152,
            "seed": null
          },
          "sensitive_attributes": [],
          "dependencies": [
            "module.common.azurerm_resource_group.rg"
          ]
        }
      ]
    },
    {
      "module": "module.functionapp",
      "mode": "managed",
      "type": "azurerm_app_service_plan",
      "name": "primary",
      "provider": "provider[\"registry.terraform.io/hashicorp/azurerm\"]",
      "instances": [
        {
          "schema_version": 0,
          "attributes": {
            "app_service_environment_id": "",
            "id": "/subscriptions/a6069e41-20e6-4882-b1f8-eaa9ecb2b060/resourceGroups/fantasygaming-dev/providers/Microsoft.Web/serverfarms/functionapp_consumption_plan",
            "is_xenon": false,
            "kind": "functionapp",
            "location": "southindia",
            "maximum_elastic_worker_count": 1,
            "maximum_number_of_workers": 0,
            "name": "functionapp_consumption_plan",
            "per_site_scaling": false,
            "reserved": true,
            "resource_group_name": "fantasygaming-dev",
            "sku": [
              {
                "capacity": 0,
                "size": "Y1",
                "tier": "Dynamic"
              }
            ],
            "tags": null,
            "timeouts": null,
            "zone_redundant": false
          },
          "sensitive_attributes": [],
          "private": "eyJlMmJmYjczMC1lY2FhLTExZTYtOGY4OC0zNDM2M2JjN2M0YzAiOnsiY3JlYXRlIjozNjAwMDAwMDAwMDAwLCJkZWxldGUiOjM2MDAwMDAwMDAwMDAsInJlYWQiOjMwMDAwMDAwMDAwMCwidXBkYXRlIjozNjAwMDAwMDAwMDAwfX0=",
          "dependencies": [
            "module.common.azurerm_resource_group.rg",
            "module.cosmosdb.azurerm_cosmosdb_account.fantasygaming-db-account",
            "module.cosmosdb.azurerm_cosmosdb_sql_container.fantasygaming-sql-container",
            "module.cosmosdb.azurerm_cosmosdb_sql_database.fantasygaming-sql-database",
            "module.cosmosdb.random_integer.sagalogic-ri",
            "module.servicebus.azurerm_servicebus_namespace.busNamespace",
            "module.servicebus.azurerm_servicebus_namespace_authorization_rule.servicebusReaderWriter",
            "module.servicebus.azurerm_servicebus_queue.gameSvcMessagesErrorQueue",
            "module.servicebus.azurerm_servicebus_queue.gameSvcMessagesQueue",
            "module.servicebus.azurerm_servicebus_queue.paymentSvcMessagesErrorQueue",
            "module.servicebus.azurerm_servicebus_queue.paymentSvcMessagesQueue",
            "module.servicebus.azurerm_servicebus_queue.sagaReplyMessagesErrorQueue",
            "module.servicebus.azurerm_servicebus_queue.sagaReplyMessagesQueue"
          ]
        }
      ]
    },
    {
      "module": "module.functionapp",
      "mode": "managed",
      "type": "azurerm_function_app",
      "name": "fantasygaming-function",
      "provider": "provider[\"registry.terraform.io/hashicorp/azurerm\"]",
      "instances": []
    },
    {
      "module": "module.functionapp",
      "mode": "managed",
      "type": "azurerm_storage_account",
      "name": "sagalogic-storage-account",
      "provider": "provider[\"registry.terraform.io/hashicorp/azurerm\"]",
      "instances": [
        {
          "schema_version": 2,
          "attributes": {
            "access_tier": "Hot",
            "account_kind": "StorageV2",
            "account_replication_type": "LRS",
            "account_tier": "Standard",
            "allow_blob_public_access": false,
            "azure_files_authentication": [],
            "blob_properties": [
              {
                "change_feed_enabled": false,
                "container_delete_retention_policy": [],
                "cors_rule": [],
                "default_service_version": "",
                "delete_retention_policy": [],
                "last_access_time_enabled": false,
                "versioning_enabled": false
              }
            ],
            "custom_domain": [],
            "customer_managed_key": [],
            "enable_https_traffic_only": true,
            "id": "/subscriptions/a6069e41-20e6-4882-b1f8-eaa9ecb2b060/resourceGroups/fantasygaming-dev/providers/Microsoft.Storage/storageAccounts/devfantasygamingstorage",
            "identity": [],
            "infrastructure_encryption_enabled": false,
            "is_hns_enabled": false,
            "large_file_share_enabled": null,
            "location": "southindia",
            "min_tls_version": "TLS1_0",
            "name": "devfantasygamingstorage",
            "network_rules": [
              {
                "bypass": [
                  "AzureServices"
                ],
                "default_action": "Allow",
                "ip_rules": [],
                "private_link_access": [],
                "virtual_network_subnet_ids": []
              }
            ],
            "nfsv3_enabled": false,
            "primary_access_key": "KOddzkxlujqL/Sex333VxYaTqzIqsCAgWGcNYIX8apGvwrib+CDyqswVPj+O3ghmyHW2S1IuiBqA+AStdoC9bg==",
            "primary_blob_connection_string": "DefaultEndpointsProtocol=https;BlobEndpoint=https://devfantasygamingstorage.blob.core.windows.net/;AccountName=devfantasygamingstorage;AccountKey=KOddzkxlujqL/Sex333VxYaTqzIqsCAgWGcNYIX8apGvwrib+CDyqswVPj+O3ghmyHW2S1IuiBqA+AStdoC9bg==",
            "primary_blob_endpoint": "https://devfantasygamingstorage.blob.core.windows.net/",
            "primary_blob_host": "devfantasygamingstorage.blob.core.windows.net",
            "primary_connection_string": "DefaultEndpointsProtocol=https;AccountName=devfantasygamingstorage;AccountKey=KOddzkxlujqL/Sex333VxYaTqzIqsCAgWGcNYIX8apGvwrib+CDyqswVPj+O3ghmyHW2S1IuiBqA+AStdoC9bg==;EndpointSuffix=core.windows.net",
            "primary_dfs_endpoint": "https://devfantasygamingstorage.dfs.core.windows.net/",
            "primary_dfs_host": "devfantasygamingstorage.dfs.core.windows.net",
            "primary_file_endpoint": "https://devfantasygamingstorage.file.core.windows.net/",
            "primary_file_host": "devfantasygamingstorage.file.core.windows.net",
            "primary_location": "southindia",
            "primary_queue_endpoint": "https://devfantasygamingstorage.queue.core.windows.net/",
            "primary_queue_host": "devfantasygamingstorage.queue.core.windows.net",
            "primary_table_endpoint": "https://devfantasygamingstorage.table.core.windows.net/",
            "primary_table_host": "devfantasygamingstorage.table.core.windows.net",
            "primary_web_endpoint": "https://devfantasygamingstorage.z30.web.core.windows.net/",
            "primary_web_host": "devfantasygamingstorage.z30.web.core.windows.net",
            "queue_encryption_key_type": "Service",
            "queue_properties": [
              {
                "cors_rule": [],
                "hour_metrics": [
                  {
                    "enabled": true,
                    "include_apis": true,
                    "retention_policy_days": 7,
                    "version": "1.0"
                  }
                ],
                "logging": [
                  {
                    "delete": false,
                    "read": false,
                    "retention_policy_days": 0,
                    "version": "1.0",
                    "write": false
                  }
                ],
                "minute_metrics": [
                  {
                    "enabled": false,
                    "include_apis": false,
                    "retention_policy_days": 0,
                    "version": "1.0"
                  }
                ]
              }
            ],
            "resource_group_name": "fantasygaming-dev",
            "routing": [],
            "secondary_access_key": "D4GyLtbVKJEbRUHWX0cOK4msOt688+jh3BPk0uEG/QAWq8l1ept+JErQ5XulAVW3hBmucPpQOeNF+AStyds3iQ==",
            "secondary_blob_connection_string": "",
            "secondary_blob_endpoint": null,
            "secondary_blob_host": null,
            "secondary_connection_string": "DefaultEndpointsProtocol=https;AccountName=devfantasygamingstorage;AccountKey=D4GyLtbVKJEbRUHWX0cOK4msOt688+jh3BPk0uEG/QAWq8l1ept+JErQ5XulAVW3hBmucPpQOeNF+AStyds3iQ==;EndpointSuffix=core.windows.net",
            "secondary_dfs_endpoint": null,
            "secondary_dfs_host": null,
            "secondary_file_endpoint": null,
            "secondary_file_host": null,
            "secondary_location": "",
            "secondary_queue_endpoint": null,
            "secondary_queue_host": null,
            "secondary_table_endpoint": null,
            "secondary_table_host": null,
            "secondary_web_endpoint": null,
            "secondary_web_host": null,
            "share_properties": [
              {
                "cors_rule": [],
                "retention_policy": [
                  {
                    "days": 7
                  }
                ],
                "smb": []
              }
            ],
            "shared_access_key_enabled": true,
            "static_website": [],
            "table_encryption_key_type": "Service",
            "tags": {
              "environment": "dev"
            },
            "timeouts": null
          },
          "sensitive_attributes": [],
          "private": "eyJlMmJmYjczMC1lY2FhLTExZTYtOGY4OC0zNDM2M2JjN2M0YzAiOnsiY3JlYXRlIjozNjAwMDAwMDAwMDAwLCJkZWxldGUiOjM2MDAwMDAwMDAwMDAsInJlYWQiOjMwMDAwMDAwMDAwMCwidXBkYXRlIjozNjAwMDAwMDAwMDAwfSwic2NoZW1hX3ZlcnNpb24iOiIyIn0=",
          "dependencies": [
            "module.common.azurerm_resource_group.rg",
            "module.cosmosdb.azurerm_cosmosdb_account.fantasygaming-db-account",
            "module.cosmosdb.azurerm_cosmosdb_sql_container.fantasygaming-sql-container",
            "module.cosmosdb.azurerm_cosmosdb_sql_database.fantasygaming-sql-database",
            "module.cosmosdb.random_integer.sagalogic-ri",
            "module.servicebus.azurerm_servicebus_namespace.busNamespace",
            "module.servicebus.azurerm_servicebus_namespace_authorization_rule.servicebusReaderWriter",
            "module.servicebus.azurerm_servicebus_queue.gameSvcMessagesErrorQueue",
            "module.servicebus.azurerm_servicebus_queue.gameSvcMessagesQueue",
            "module.servicebus.azurerm_servicebus_queue.paymentSvcMessagesErrorQueue",
            "module.servicebus.azurerm_servicebus_queue.paymentSvcMessagesQueue",
            "module.servicebus.azurerm_servicebus_queue.sagaReplyMessagesErrorQueue",
            "module.servicebus.azurerm_servicebus_queue.sagaReplyMessagesQueue"
          ]
        }
      ]
    },
    {
      "module": "module.servicebus",
      "mode": "managed",
      "type": "azurerm_servicebus_namespace",
      "name": "busNamespace",
      "provider": "provider[\"registry.terraform.io/hashicorp/azurerm\"]",
      "instances": [
        {
          "schema_version": 1,
          "attributes": {
            "capacity": 0,
            "default_primary_connection_string": "Endpoint=sb://fantasygaming-bus.servicebus.windows.net/;SharedAccessKeyName=RootManageSharedAccessKey;SharedAccessKey=uZI6IaRE+G7pr1C57pZgBBWCM9h6DpXmK+ASbA+4qVo=",
            "default_primary_key": "uZI6IaRE+G7pr1C57pZgBBWCM9h6DpXmK+ASbA+4qVo=",
            "default_secondary_connection_string": "Endpoint=sb://fantasygaming-bus.servicebus.windows.net/;SharedAccessKeyName=RootManageSharedAccessKey;SharedAccessKey=1dnyvebgIJz2rsYSNXrCf40LnSdh/kTeq+ASbLxnhno=",
            "default_secondary_key": "1dnyvebgIJz2rsYSNXrCf40LnSdh/kTeq+ASbLxnhno=",
            "id": "/subscriptions/a6069e41-20e6-4882-b1f8-eaa9ecb2b060/resourceGroups/fantasygaming-dev/providers/Microsoft.ServiceBus/namespaces/fantasygaming-bus",
            "identity": [],
            "location": "southindia",
            "name": "fantasygaming-bus",
            "resource_group_name": "fantasygaming-dev",
            "sku": "Basic",
            "tags": {
              "BillingCode": "fantasygaming",
              "Environment": "dev"
            },
            "timeouts": null,
            "zone_redundant": false
          },
          "sensitive_attributes": [],
          "private": "eyJlMmJmYjczMC1lY2FhLTExZTYtOGY4OC0zNDM2M2JjN2M0YzAiOnsiY3JlYXRlIjoxODAwMDAwMDAwMDAwLCJkZWxldGUiOjE4MDAwMDAwMDAwMDAsInJlYWQiOjMwMDAwMDAwMDAwMCwidXBkYXRlIjoxODAwMDAwMDAwMDAwfSwic2NoZW1hX3ZlcnNpb24iOiIxIn0=",
          "dependencies": [
            "module.common.azurerm_resource_group.rg"
          ]
        }
      ]
    },
    {
      "module": "module.servicebus",
      "mode": "managed",
      "type": "azurerm_servicebus_namespace_authorization_rule",
      "name": "servicebusReaderWriter",
      "provider": "provider[\"registry.terraform.io/hashicorp/azurerm\"]",
      "instances": [
        {
          "schema_version": 0,
          "attributes": {
            "id": "/subscriptions/a6069e41-20e6-4882-b1f8-eaa9ecb2b060/resourceGroups/fantasygaming-dev/providers/Microsoft.ServiceBus/namespaces/fantasygaming-bus/AuthorizationRules/servicebusReaderWriter",
            "listen": true,
            "manage": false,
            "name": "servicebusReaderWriter",
            "namespace_id": "/subscriptions/a6069e41-20e6-4882-b1f8-eaa9ecb2b060/resourceGroups/fantasygaming-dev/providers/Microsoft.ServiceBus/namespaces/fantasygaming-bus",
            "namespace_name": "fantasygaming-bus",
            "primary_connection_string": "Endpoint=sb://fantasygaming-bus.servicebus.windows.net/;SharedAccessKeyName=servicebusReaderWriter;SharedAccessKey=HDPtAKgAhB3io462LJjB3MjNZ4g8qJA1K+ASbIJbhmw=",
            "primary_connection_string_alias": "",
            "primary_key": "HDPtAKgAhB3io462LJjB3MjNZ4g8qJA1K+ASbIJbhmw=",
            "resource_group_name": "fantasygaming-dev",
            "secondary_connection_string": "Endpoint=sb://fantasygaming-bus.servicebus.windows.net/;SharedAccessKeyName=servicebusReaderWriter;SharedAccessKey=aHiL3NITucWPzcyeRsIS/tp7QotvoLpXV+ASbOrX6aQ=",
            "secondary_connection_string_alias": "",
            "secondary_key": "aHiL3NITucWPzcyeRsIS/tp7QotvoLpXV+ASbOrX6aQ=",
            "send": true,
            "timeouts": null
          },
          "sensitive_attributes": [],
          "private": "eyJlMmJmYjczMC1lY2FhLTExZTYtOGY4OC0zNDM2M2JjN2M0YzAiOnsiY3JlYXRlIjoxODAwMDAwMDAwMDAwLCJkZWxldGUiOjE4MDAwMDAwMDAwMDAsInJlYWQiOjMwMDAwMDAwMDAwMCwidXBkYXRlIjoxODAwMDAwMDAwMDAwfX0=",
          "dependencies": [
            "module.common.azurerm_resource_group.rg",
            "module.servicebus.azurerm_servicebus_namespace.busNamespace"
          ]
        }
      ]
    },
    {
      "module": "module.servicebus",
      "mode": "managed",
      "type": "azurerm_servicebus_queue",
      "name": "gameSvcMessagesErrorQueue",
      "provider": "provider[\"registry.terraform.io/hashicorp/azurerm\"]",
      "instances": [
        {
          "schema_version": 0,
          "attributes": {
            "auto_delete_on_idle": "P10675199DT2H48M5.4775807S",
            "dead_lettering_on_message_expiration": false,
            "default_message_ttl": "PT30S",
            "duplicate_detection_history_time_window": "PT10M",
            "enable_batched_operations": true,
            "enable_express": false,
            "enable_partitioning": true,
            "forward_dead_lettered_messages_to": "",
            "forward_to": "",
            "id": "/subscriptions/a6069e41-20e6-4882-b1f8-eaa9ecb2b060/resourceGroups/fantasygaming-dev/providers/Microsoft.ServiceBus/namespaces/fantasygaming-bus/queues/gamesvc-error-queue",
            "lock_duration": "PT1M",
            "max_delivery_count": 10,
            "max_message_size_in_kilobytes": 256,
            "max_size_in_megabytes": 1024,
            "name": "gamesvc-error-queue",
            "namespace_id": "/subscriptions/a6069e41-20e6-4882-b1f8-eaa9ecb2b060/resourceGroups/fantasygaming-dev/providers/Microsoft.ServiceBus/namespaces/fantasygaming-bus",
            "namespace_name": "fantasygaming-bus",
            "requires_duplicate_detection": false,
            "requires_session": false,
            "resource_group_name": "fantasygaming-dev",
            "status": "Active",
            "timeouts": null
          },
          "sensitive_attributes": [],
          "private": "eyJlMmJmYjczMC1lY2FhLTExZTYtOGY4OC0zNDM2M2JjN2M0YzAiOnsiY3JlYXRlIjoxODAwMDAwMDAwMDAwLCJkZWxldGUiOjE4MDAwMDAwMDAwMDAsInJlYWQiOjMwMDAwMDAwMDAwMCwidXBkYXRlIjoxODAwMDAwMDAwMDAwfX0=",
          "dependencies": [
            "module.common.azurerm_resource_group.rg",
            "module.servicebus.azurerm_servicebus_namespace.busNamespace"
          ]
        }
      ]
    },
    {
      "module": "module.servicebus",
      "mode": "managed",
      "type": "azurerm_servicebus_queue",
      "name": "gameSvcMessagesQueue",
      "provider": "provider[\"registry.terraform.io/hashicorp/azurerm\"]",
      "instances": [
        {
          "schema_version": 0,
          "attributes": {
            "auto_delete_on_idle": "P10675199DT2H48M5.4775807S",
            "dead_lettering_on_message_expiration": true,
            "default_message_ttl": "P14D",
            "duplicate_detection_history_time_window": "PT10M",
            "enable_batched_operations": true,
            "enable_express": false,
            "enable_partitioning": true,
            "forward_dead_lettered_messages_to": "gamesvc-error-queue",
            "forward_to": "",
            "id": "/subscriptions/a6069e41-20e6-4882-b1f8-eaa9ecb2b060/resourceGroups/fantasygaming-dev/providers/Microsoft.ServiceBus/namespaces/fantasygaming-bus/queues/gamesvc-queue",
            "lock_duration": "PT3M",
            "max_delivery_count": 1,
            "max_message_size_in_kilobytes": 256,
            "max_size_in_megabytes": 1024,
            "name": "gamesvc-queue",
            "namespace_id": "/subscriptions/a6069e41-20e6-4882-b1f8-eaa9ecb2b060/resourceGroups/fantasygaming-dev/providers/Microsoft.ServiceBus/namespaces/fantasygaming-bus",
            "namespace_name": "fantasygaming-bus",
            "requires_duplicate_detection": false,
            "requires_session": false,
            "resource_group_name": "fantasygaming-dev",
            "status": "Active",
            "timeouts": null
          },
          "sensitive_attributes": [],
          "private": "eyJlMmJmYjczMC1lY2FhLTExZTYtOGY4OC0zNDM2M2JjN2M0YzAiOnsiY3JlYXRlIjoxODAwMDAwMDAwMDAwLCJkZWxldGUiOjE4MDAwMDAwMDAwMDAsInJlYWQiOjMwMDAwMDAwMDAwMCwidXBkYXRlIjoxODAwMDAwMDAwMDAwfX0=",
          "dependencies": [
            "module.common.azurerm_resource_group.rg",
            "module.servicebus.azurerm_servicebus_namespace.busNamespace",
            "module.servicebus.azurerm_servicebus_queue.gameSvcMessagesErrorQueue"
          ]
        }
      ]
    },
    {
      "module": "module.servicebus",
      "mode": "managed",
      "type": "azurerm_servicebus_queue",
      "name": "paymentSvcMessagesErrorQueue",
      "provider": "provider[\"registry.terraform.io/hashicorp/azurerm\"]",
      "instances": [
        {
          "schema_version": 0,
          "attributes": {
            "auto_delete_on_idle": "P10675199DT2H48M5.4775807S",
            "dead_lettering_on_message_expiration": false,
            "default_message_ttl": "PT30S",
            "duplicate_detection_history_time_window": "PT10M",
            "enable_batched_operations": true,
            "enable_express": false,
            "enable_partitioning": true,
            "forward_dead_lettered_messages_to": "",
            "forward_to": "",
            "id": "/subscriptions/a6069e41-20e6-4882-b1f8-eaa9ecb2b060/resourceGroups/fantasygaming-dev/providers/Microsoft.ServiceBus/namespaces/fantasygaming-bus/queues/paymentsvc-error-queue",
            "lock_duration": "PT1M",
            "max_delivery_count": 10,
            "max_message_size_in_kilobytes": 256,
            "max_size_in_megabytes": 1024,
            "name": "paymentsvc-error-queue",
            "namespace_id": "/subscriptions/a6069e41-20e6-4882-b1f8-eaa9ecb2b060/resourceGroups/fantasygaming-dev/providers/Microsoft.ServiceBus/namespaces/fantasygaming-bus",
            "namespace_name": "fantasygaming-bus",
            "requires_duplicate_detection": false,
            "requires_session": false,
            "resource_group_name": "fantasygaming-dev",
            "status": "Active",
            "timeouts": null
          },
          "sensitive_attributes": [],
          "private": "eyJlMmJmYjczMC1lY2FhLTExZTYtOGY4OC0zNDM2M2JjN2M0YzAiOnsiY3JlYXRlIjoxODAwMDAwMDAwMDAwLCJkZWxldGUiOjE4MDAwMDAwMDAwMDAsInJlYWQiOjMwMDAwMDAwMDAwMCwidXBkYXRlIjoxODAwMDAwMDAwMDAwfX0=",
          "dependencies": [
            "module.common.azurerm_resource_group.rg",
            "module.servicebus.azurerm_servicebus_namespace.busNamespace"
          ]
        }
      ]
    },
    {
      "module": "module.servicebus",
      "mode": "managed",
      "type": "azurerm_servicebus_queue",
      "name": "paymentSvcMessagesQueue",
      "provider": "provider[\"registry.terraform.io/hashicorp/azurerm\"]",
      "instances": [
        {
          "schema_version": 0,
          "attributes": {
            "auto_delete_on_idle": "P10675199DT2H48M5.4775807S",
            "dead_lettering_on_message_expiration": true,
            "default_message_ttl": "P14D",
            "duplicate_detection_history_time_window": "PT10M",
            "enable_batched_operations": true,
            "enable_express": false,
            "enable_partitioning": true,
            "forward_dead_lettered_messages_to": "paymentsvc-error-queue",
            "forward_to": "",
            "id": "/subscriptions/a6069e41-20e6-4882-b1f8-eaa9ecb2b060/resourceGroups/fantasygaming-dev/providers/Microsoft.ServiceBus/namespaces/fantasygaming-bus/queues/paymentsvc-queue",
            "lock_duration": "PT3M",
            "max_delivery_count": 1,
            "max_message_size_in_kilobytes": 256,
            "max_size_in_megabytes": 1024,
            "name": "paymentsvc-queue",
            "namespace_id": "/subscriptions/a6069e41-20e6-4882-b1f8-eaa9ecb2b060/resourceGroups/fantasygaming-dev/providers/Microsoft.ServiceBus/namespaces/fantasygaming-bus",
            "namespace_name": "fantasygaming-bus",
            "requires_duplicate_detection": false,
            "requires_session": false,
            "resource_group_name": "fantasygaming-dev",
            "status": "Active",
            "timeouts": null
          },
          "sensitive_attributes": [],
          "private": "eyJlMmJmYjczMC1lY2FhLTExZTYtOGY4OC0zNDM2M2JjN2M0YzAiOnsiY3JlYXRlIjoxODAwMDAwMDAwMDAwLCJkZWxldGUiOjE4MDAwMDAwMDAwMDAsInJlYWQiOjMwMDAwMDAwMDAwMCwidXBkYXRlIjoxODAwMDAwMDAwMDAwfX0=",
          "dependencies": [
            "module.common.azurerm_resource_group.rg",
            "module.servicebus.azurerm_servicebus_namespace.busNamespace",
            "module.servicebus.azurerm_servicebus_queue.paymentSvcMessagesErrorQueue"
          ]
        }
      ]
    },
    {
      "module": "module.servicebus",
      "mode": "managed",
      "type": "azurerm_servicebus_queue",
      "name": "sagaReplyMessagesErrorQueue",
      "provider": "provider[\"registry.terraform.io/hashicorp/azurerm\"]",
      "instances": [
        {
          "schema_version": 0,
          "attributes": {
            "auto_delete_on_idle": "P10675199DT2H48M5.4775807S",
            "dead_lettering_on_message_expiration": false,
            "default_message_ttl": "PT30S",
            "duplicate_detection_history_time_window": "PT10M",
            "enable_batched_operations": true,
            "enable_express": false,
            "enable_partitioning": true,
            "forward_dead_lettered_messages_to": "",
            "forward_to": "",
            "id": "/subscriptions/a6069e41-20e6-4882-b1f8-eaa9ecb2b060/resourceGroups/fantasygaming-dev/providers/Microsoft.ServiceBus/namespaces/fantasygaming-bus/queues/sagareply-error-queue",
            "lock_duration": "PT1M",
            "max_delivery_count": 10,
            "max_message_size_in_kilobytes": 256,
            "max_size_in_megabytes": 1024,
            "name": "sagareply-error-queue",
            "namespace_id": "/subscriptions/a6069e41-20e6-4882-b1f8-eaa9ecb2b060/resourceGroups/fantasygaming-dev/providers/Microsoft.ServiceBus/namespaces/fantasygaming-bus",
            "namespace_name": "fantasygaming-bus",
            "requires_duplicate_detection": false,
            "requires_session": false,
            "resource_group_name": "fantasygaming-dev",
            "status": "Active",
            "timeouts": null
          },
          "sensitive_attributes": [],
          "private": "eyJlMmJmYjczMC1lY2FhLTExZTYtOGY4OC0zNDM2M2JjN2M0YzAiOnsiY3JlYXRlIjoxODAwMDAwMDAwMDAwLCJkZWxldGUiOjE4MDAwMDAwMDAwMDAsInJlYWQiOjMwMDAwMDAwMDAwMCwidXBkYXRlIjoxODAwMDAwMDAwMDAwfX0=",
          "dependencies": [
            "module.common.azurerm_resource_group.rg",
            "module.servicebus.azurerm_servicebus_namespace.busNamespace"
          ]
        }
      ]
    },
    {
      "module": "module.servicebus",
      "mode": "managed",
      "type": "azurerm_servicebus_queue",
      "name": "sagaReplyMessagesQueue",
      "provider": "provider[\"registry.terraform.io/hashicorp/azurerm\"]",
      "instances": [
        {
          "schema_version": 0,
          "attributes": {
            "auto_delete_on_idle": "P10675199DT2H48M5.4775807S",
            "dead_lettering_on_message_expiration": true,
            "default_message_ttl": "P14D",
            "duplicate_detection_history_time_window": "PT10M",
            "enable_batched_operations": true,
            "enable_express": false,
            "enable_partitioning": true,
            "forward_dead_lettered_messages_to": "sagareply-error-queue",
            "forward_to": "",
            "id": "/subscriptions/a6069e41-20e6-4882-b1f8-eaa9ecb2b060/resourceGroups/fantasygaming-dev/providers/Microsoft.ServiceBus/namespaces/fantasygaming-bus/queues/sagareply-queue",
            "lock_duration": "PT3M",
            "max_delivery_count": 1,
            "max_message_size_in_kilobytes": 256,
            "max_size_in_megabytes": 1024,
            "name": "sagareply-queue",
            "namespace_id": "/subscriptions/a6069e41-20e6-4882-b1f8-eaa9ecb2b060/resourceGroups/fantasygaming-dev/providers/Microsoft.ServiceBus/namespaces/fantasygaming-bus",
            "namespace_name": "fantasygaming-bus",
            "requires_duplicate_detection": false,
            "requires_session": false,
            "resource_group_name": "fantasygaming-dev",
            "status": "Active",
            "timeouts": null
          },
          "sensitive_attributes": [],
          "private": "eyJlMmJmYjczMC1lY2FhLTExZTYtOGY4OC0zNDM2M2JjN2M0YzAiOnsiY3JlYXRlIjoxODAwMDAwMDAwMDAwLCJkZWxldGUiOjE4MDAwMDAwMDAwMDAsInJlYWQiOjMwMDAwMDAwMDAwMCwidXBkYXRlIjoxODAwMDAwMDAwMDAwfX0=",
          "dependencies": [
            "module.common.azurerm_resource_group.rg",
            "module.servicebus.azurerm_servicebus_namespace.busNamespace",
            "module.servicebus.azurerm_servicebus_queue.sagaReplyMessagesErrorQueue"
          ]
        }
      ]
    }
  ],
  "check_results": null
}
