{
  "version": 4,
  "terraform_version": "1.4.6",
  "serial": 64,
  "lineage": "3e9b205c-f7ef-7b0d-f052-f3478e282c50",
  "outputs": {
    "cosmosdb_connectionstrings": {
      "value": [
        "AccountEndpoint=https://dev-cosmos-fantasygaming-db-52179.documents.azure.com:443/;AccountKey=dHhixqKZ0hAipPSnfaMFSpxplHEMQ2gRTzsLqJiYB60dupRAbQJiHmoHBuQJYpIFws2XekudYXw8ACDbd04sUA==;",
        "AccountEndpoint=https://dev-cosmos-fantasygaming-db-52179.documents.azure.com:443/;AccountKey=n9aPqrdLDBICVVlrhhBWVrTI5PzzeHu0FqKI8VAIZjpLp9KEnJkQ8pZXGFqdFZvymEJM620VPp0NACDbrDZURg==;",
        "AccountEndpoint=https://dev-cosmos-fantasygaming-db-52179.documents.azure.com:443/;AccountKey=WmdxJsIDoto2YBjNAhHUx9etjQZ63Sh38FPDy9JxZxAyF48y1J1nRuwnAGSxkWNCxrHb7wnk14RtACDbr4Y0Pg==;",
        "AccountEndpoint=https://dev-cosmos-fantasygaming-db-52179.documents.azure.com:443/;AccountKey=DKOs29EjVp1UrjoLluhfGzhZnIMEnfyzMcqU5qqNyCklVvVuafS5Cs96cPnOmLLsP3rSfTmvmpuXACDbhIchPg==;"
      ],
      "type": [
        "list",
        "string"
      ],
      "sensitive": true
    },
    "gamesvc_error_message_queue_name": {
      "value": "gamesvc-error-queue",
      "type": "string"
    },
    "gamesvc_messages_queue_name": {
      "value": "gamesvc-queue",
      "type": "string"
    },
    "paymentsvc_error_message_queue_name": {
      "value": "paymentsvc-error-queue",
      "type": "string"
    },
    "paymentsvc_messages_queue_name": {
      "value": "paymentsvc-queue",
      "type": "string"
    },
    "resource_group_name": {
      "value": "fantasygaming-dev",
      "type": "string"
    },
    "sagareply_error_message_queue_name": {
      "value": "sagareply-error-queue",
      "type": "string"
    },
    "sagareply_messages_queue_name": {
      "value": "sagareply-queue",
      "type": "string"
    },
    "servicebus_reader_writer_connection_string": {
      "value": "Endpoint=sb://fantasygaming-bus.servicebus.windows.net/;SharedAccessKeyName=servicebusReaderWriter;SharedAccessKey=PEUODDa1fD/k1MnwOXN8A3mctz7OQznfV+ASbD8yseU=",
      "type": "string",
      "sensitive": true
    }
  },
  "resources": [
    {
      "module": "module.common",
      "mode": "managed",
      "type": "azurerm_resource_group",
      "name": "rg",
      "provider": "provider[\"registry.terraform.io/hashicorp/azurerm\"]",
      "instances": [
        {
          "schema_version": 0,
          "attributes": {
            "id": "/subscriptions/a6069e41-20e6-4882-b1f8-eaa9ecb2b060/resourceGroups/fantasygaming-dev",
            "location": "southindia",
            "name": "fantasygaming-dev",
            "tags": {
              "BillingCode": "fantasygaming",
              "Environment": "dev"
            },
            "timeouts": null
          },
          "sensitive_attributes": [],
          "private": "eyJlMmJmYjczMC1lY2FhLTExZTYtOGY4OC0zNDM2M2JjN2M0YzAiOnsiY3JlYXRlIjo1NDAwMDAwMDAwMDAwLCJkZWxldGUiOjU0MDAwMDAwMDAwMDAsInJlYWQiOjMwMDAwMDAwMDAwMCwidXBkYXRlIjo1NDAwMDAwMDAwMDAwfX0="
        }
      ]
    },
    {
      "module": "module.cosmosdb",
      "mode": "managed",
      "type": "azurerm_cosmosdb_account",
      "name": "fantasygaming-db-account",
      "provider": "provider[\"registry.terraform.io/hashicorp/azurerm\"]",
      "instances": [
        {
          "schema_version": 0,
          "attributes": {
            "access_key_metadata_writes_enabled": true,
            "analytical_storage": [
              {
                "schema_type": "WellDefined"
              }
            ],
            "analytical_storage_enabled": false,
            "backup": [
              {
                "interval_in_minutes": 240,
                "retention_in_hours": 8,
                "storage_redundancy": "Geo",
                "type": "Periodic"
              }
            ],
            "capabilities": [],
            "capacity": [],
            "connection_strings": [
              "AccountEndpoint=https://dev-cosmos-fantasygaming-db-52179.documents.azure.com:443/;AccountKey=dHhixqKZ0hAipPSnfaMFSpxplHEMQ2gRTzsLqJiYB60dupRAbQJiHmoHBuQJYpIFws2XekudYXw8ACDbd04sUA==;",
              "AccountEndpoint=https://dev-cosmos-fantasygaming-db-52179.documents.azure.com:443/;AccountKey=n9aPqrdLDBICVVlrhhBWVrTI5PzzeHu0FqKI8VAIZjpLp9KEnJkQ8pZXGFqdFZvymEJM620VPp0NACDbrDZURg==;",
              "AccountEndpoint=https://dev-cosmos-fantasygaming-db-52179.documents.azure.com:443/;AccountKey=WmdxJsIDoto2YBjNAhHUx9etjQZ63Sh38FPDy9JxZxAyF48y1J1nRuwnAGSxkWNCxrHb7wnk14RtACDbr4Y0Pg==;",
              "AccountEndpoint=https://dev-cosmos-fantasygaming-db-52179.documents.azure.com:443/;AccountKey=DKOs29EjVp1UrjoLluhfGzhZnIMEnfyzMcqU5qqNyCklVvVuafS5Cs96cPnOmLLsP3rSfTmvmpuXACDbhIchPg==;"
            ],
            "consistency_policy": [
              {
                "consistency_level": "Session",
                "max_interval_in_seconds": 5,
                "max_staleness_prefix": 100
              }
            ],
            "cors_rule": [],
            "create_mode": "",
            "default_identity_type": "FirstPartyIdentity",
            "enable_automatic_failover": false,
            "enable_free_tier": false,
            "enable_multiple_write_locations": false,
            "endpoint": "https://dev-cosmos-fantasygaming-db-52179.documents.azure.com:443/",
            "geo_location": [
              {
                "failover_priority": 0,
                "id": "dev-cosmos-fantasygaming-db-52179-southindia",
                "location": "southindia",
                "prefix": "",
                "zone_redundant": false
              }
            ],
            "id": "/subscriptions/a6069e41-20e6-4882-b1f8-eaa9ecb2b060/resourceGroups/fantasygaming-dev/providers/Microsoft.DocumentDB/databaseAccounts/dev-cosmos-fantasygaming-db-52179",
            "identity": [],
            "ip_range_filter": "",
            "is_virtual_network_filter_enabled": false,
            "key_vault_key_id": null,
            "kind": "GlobalDocumentDB",
            "local_authentication_disabled": false,
            "location": "southindia",
            "mongo_server_version": null,
            "name": "dev-cosmos-fantasygaming-db-52179",
            "network_acl_bypass_for_azure_services": false,
            "network_acl_bypass_ids": null,
            "offer_type": "Standard",
            "primary_key": "dHhixqKZ0hAipPSnfaMFSpxplHEMQ2gRTzsLqJiYB60dupRAbQJiHmoHBuQJYpIFws2XekudYXw8ACDbd04sUA==",
            "primary_master_key": "dHhixqKZ0hAipPSnfaMFSpxplHEMQ2gRTzsLqJiYB60dupRAbQJiHmoHBuQJYpIFws2XekudYXw8ACDbd04sUA==",
            "primary_readonly_key": "WmdxJsIDoto2YBjNAhHUx9etjQZ63Sh38FPDy9JxZxAyF48y1J1nRuwnAGSxkWNCxrHb7wnk14RtACDbr4Y0Pg==",
            "primary_readonly_master_key": "WmdxJsIDoto2YBjNAhHUx9etjQZ63Sh38FPDy9JxZxAyF48y1J1nRuwnAGSxkWNCxrHb7wnk14RtACDbr4Y0Pg==",
            "public_network_access_enabled": true,
            "read_endpoints": [
              "https://dev-cosmos-fantasygaming-db-52179-southindia.documents.azure.com:443/"
            ],
            "resource_group_name": "fantasygaming-dev",
            "restore": [],
            "secondary_key": "n9aPqrdLDBICVVlrhhBWVrTI5PzzeHu0FqKI8VAIZjpLp9KEnJkQ8pZXGFqdFZvymEJM620VPp0NACDbrDZURg==",
            "secondary_master_key": "n9aPqrdLDBICVVlrhhBWVrTI5PzzeHu0FqKI8VAIZjpLp9KEnJkQ8pZXGFqdFZvymEJM620VPp0NACDbrDZURg==",
            "secondary_readonly_key": "DKOs29EjVp1UrjoLluhfGzhZnIMEnfyzMcqU5qqNyCklVvVuafS5Cs96cPnOmLLsP3rSfTmvmpuXACDbhIchPg==",
            "secondary_readonly_master_key": "DKOs29EjVp1UrjoLluhfGzhZnIMEnfyzMcqU5qqNyCklVvVuafS5Cs96cPnOmLLsP3rSfTmvmpuXACDbhIchPg==",
            "tags": {
              "BillingCode": "fantasygaming",
              "Environment": "dev"
            },
            "timeouts": null,
            "virtual_network_rule": [],
            "write_endpoints": [
              "https://dev-cosmos-fantasygaming-db-52179-southindia.documents.azure.com:443/"
            ]
          },
          "sensitive_attributes": [],
          "private": "eyJlMmJmYjczMC1lY2FhLTExZTYtOGY4OC0zNDM2M2JjN2M0YzAiOnsiY3JlYXRlIjoxMDgwMDAwMDAwMDAwMCwiZGVsZXRlIjoxMDgwMDAwMDAwMDAwMCwicmVhZCI6MzAwMDAwMDAwMDAwLCJ1cGRhdGUiOjEwODAwMDAwMDAwMDAwfX0=",
          "dependencies": [
            "module.common.azurerm_resource_group.rg",
            "module.cosmosdb.random_integer.sagalogic-ri"
          ]
        }
      ]
    },
    {
      "module": "module.cosmosdb",
      "mode": "managed",
      "type": "azurerm_cosmosdb_sql_container",
      "name": "fantasygaming-sql-container",
      "provider": "provider[\"registry.terraform.io/hashicorp/azurerm\"]",
      "instances": [
        {
          "index_key": "gameregistration",
          "schema_version": 1,
          "attributes": {
            "account_name": "dev-cosmos-fantasygaming-db-52179",
            "analytical_storage_ttl": null,
            "autoscale_settings": [],
            "conflict_resolution_policy": [
              {
                "conflict_resolution_path": "/_ts",
                "conflict_resolution_procedure": "",
                "mode": "LastWriterWins"
              }
            ],
            "database_name": "dev-cosmos-sql-db",
            "default_ttl": null,
            "id": "/subscriptions/a6069e41-20e6-4882-b1f8-eaa9ecb2b060/resourceGroups/fantasygaming-dev/providers/Microsoft.DocumentDB/databaseAccounts/dev-cosmos-fantasygaming-db-52179/sqlDatabases/dev-cosmos-sql-db/containers/gameregistration",
            "indexing_policy": [
              {
                "composite_index": [],
                "excluded_path": [],
                "included_path": [
                  {
                    "path": "/*"
                  }
                ],
                "indexing_mode": "consistent",
                "spatial_index": []
              }
            ],
            "name": "gameregistration",
            "partition_key_path": "/id",
            "partition_key_version": null,
            "resource_group_name": "fantasygaming-dev",
            "throughput": 0,
            "timeouts": null,
            "unique_key": []
          },
          "sensitive_attributes": [],
          "private": "eyJlMmJmYjczMC1lY2FhLTExZTYtOGY4OC0zNDM2M2JjN2M0YzAiOnsiY3JlYXRlIjoxODAwMDAwMDAwMDAwLCJkZWxldGUiOjE4MDAwMDAwMDAwMDAsInJlYWQiOjMwMDAwMDAwMDAwMCwidXBkYXRlIjoxODAwMDAwMDAwMDAwfSwic2NoZW1hX3ZlcnNpb24iOiIxIn0=",
          "dependencies": [
            "module.common.azurerm_resource_group.rg",
            "module.cosmosdb.azurerm_cosmosdb_account.fantasygaming-db-account",
            "module.cosmosdb.azurerm_cosmosdb_sql_database.fantasygaming-sql-database",
            "module.cosmosdb.random_integer.sagalogic-ri"
          ]
        },
        {
          "index_key": "payment",
          "schema_version": 1,
          "attributes": {
            "account_name": "dev-cosmos-fantasygaming-db-52179",
            "analytical_storage_ttl": null,
            "autoscale_settings": [],
            "conflict_resolution_policy": [
              {
                "conflict_resolution_path": "/_ts",
                "conflict_resolution_procedure": "",
                "mode": "LastWriterWins"
              }
            ],
            "database_name": "dev-cosmos-sql-db",
            "default_ttl": null,
            "id": "/subscriptions/a6069e41-20e6-4882-b1f8-eaa9ecb2b060/resourceGroups/fantasygaming-dev/providers/Microsoft.DocumentDB/databaseAccounts/dev-cosmos-fantasygaming-db-52179/sqlDatabases/dev-cosmos-sql-db/containers/payment",
            "indexing_policy": [
              {
                "composite_index": [],
                "excluded_path": [],
                "included_path": [
                  {
                    "path": "/*"
                  }
                ],
                "indexing_mode": "consistent",
                "spatial_index": []
              }
            ],
            "name": "payment",
            "partition_key_path": "/id",
            "partition_key_version": null,
            "resource_group_name": "fantasygaming-dev",
            "throughput": 0,
            "timeouts": null,
            "unique_key": []
          },
          "sensitive_attributes": [],
          "private": "eyJlMmJmYjczMC1lY2FhLTExZTYtOGY4OC0zNDM2M2JjN2M0YzAiOnsiY3JlYXRlIjoxODAwMDAwMDAwMDAwLCJkZWxldGUiOjE4MDAwMDAwMDAwMDAsInJlYWQiOjMwMDAwMDAwMDAwMCwidXBkYXRlIjoxODAwMDAwMDAwMDAwfSwic2NoZW1hX3ZlcnNpb24iOiIxIn0=",
          "dependencies": [
            "module.common.azurerm_resource_group.rg",
            "module.cosmosdb.azurerm_cosmosdb_account.fantasygaming-db-account",
            "module.cosmosdb.azurerm_cosmosdb_sql_database.fantasygaming-sql-database",
            "module.cosmosdb.random_integer.sagalogic-ri"
          ]
        },
        {
          "index_key": "saga",
          "schema_version": 1,
          "attributes": {
            "account_name": "dev-cosmos-fantasygaming-db-52179",
            "analytical_storage_ttl": null,
            "autoscale_settings": [],
            "conflict_resolution_policy": [
              {
                "conflict_resolution_path": "/_ts",
                "conflict_resolution_procedure": "",
                "mode": "LastWriterWins"
              }
            ],
            "database_name": "dev-cosmos-sql-db",
            "default_ttl": null,
            "id": "/subscriptions/a6069e41-20e6-4882-b1f8-eaa9ecb2b060/resourceGroups/fantasygaming-dev/providers/Microsoft.DocumentDB/databaseAccounts/dev-cosmos-fantasygaming-db-52179/sqlDatabases/dev-cosmos-sql-db/containers/saga",
            "indexing_policy": [
              {
                "composite_index": [],
                "excluded_path": [],
                "included_path": [
                  {
                    "path": "/*"
                  }
                ],
                "indexing_mode": "consistent",
                "spatial_index": []
              }
            ],
            "name": "saga",
            "partition_key_path": "/transactionId",
            "partition_key_version": null,
            "resource_group_name": "fantasygaming-dev",
            "throughput": 0,
            "timeouts": null,
            "unique_key": []
          },
          "sensitive_attributes": [],
          "private": "eyJlMmJmYjczMC1lY2FhLTExZTYtOGY4OC0zNDM2M2JjN2M0YzAiOnsiY3JlYXRlIjoxODAwMDAwMDAwMDAwLCJkZWxldGUiOjE4MDAwMDAwMDAwMDAsInJlYWQiOjMwMDAwMDAwMDAwMCwidXBkYXRlIjoxODAwMDAwMDAwMDAwfSwic2NoZW1hX3ZlcnNpb24iOiIxIn0=",
          "dependencies": [
            "module.common.azurerm_resource_group.rg",
            "module.cosmosdb.azurerm_cosmosdb_account.fantasygaming-db-account",
            "module.cosmosdb.azurerm_cosmosdb_sql_database.fantasygaming-sql-database",
            "module.cosmosdb.random_integer.sagalogic-ri"
          ]
        }
      ]
    },
    {
      "module": "module.cosmosdb",
      "mode": "managed",
      "type": "azurerm_cosmosdb_sql_database",
      "name": "fantasygaming-sql-database",
      "provider": "provider[\"registry.terraform.io/hashicorp/azurerm\"]",
      "instances": [
        {
          "schema_version": 1,
          "attributes": {
            "account_name": "dev-cosmos-fantasygaming-db-52179",
            "autoscale_settings": [],
            "id": "/subscriptions/a6069e41-20e6-4882-b1f8-eaa9ecb2b060/resourceGroups/fantasygaming-dev/providers/Microsoft.DocumentDB/databaseAccounts/dev-cosmos-fantasygaming-db-52179/sqlDatabases/dev-cosmos-sql-db",
            "name": "dev-cosmos-sql-db",
            "resource_group_name": "fantasygaming-dev",
            "throughput": 500,
            "timeouts": null
          },
          "sensitive_attributes": [],
          "private": "eyJlMmJmYjczMC1lY2FhLTExZTYtOGY4OC0zNDM2M2JjN2M0YzAiOnsiY3JlYXRlIjoxODAwMDAwMDAwMDAwLCJkZWxldGUiOjE4MDAwMDAwMDAwMDAsInJlYWQiOjMwMDAwMDAwMDAwMCwidXBkYXRlIjoxODAwMDAwMDAwMDAwfSwic2NoZW1hX3ZlcnNpb24iOiIxIn0=",
          "dependencies": [
            "module.common.azurerm_resource_group.rg",
            "module.cosmosdb.azurerm_cosmosdb_account.fantasygaming-db-account",
            "module.cosmosdb.random_integer.sagalogic-ri"
          ]
        }
      ]
    },
    {
      "module": "module.cosmosdb",
      "mode": "managed",
      "type": "random_integer",
      "name": "sagalogic-ri",
      "provider": "provider[\"registry.terraform.io/hashicorp/random\"]",
      "instances": [
        {
          "schema_version": 0,
          "attributes": {
            "id": "52179",
            "keepers": null,
            "max": 99999,
            "min": 10000,
            "result": 52179,
            "seed": null
          },
          "sensitive_attributes": [],
          "dependencies": [
            "module.common.azurerm_resource_group.rg"
          ]
        }
      ]
    },
    {
      "module": "module.servicebus",
      "mode": "managed",
      "type": "azurerm_servicebus_namespace",
      "name": "busNamespace",
      "provider": "provider[\"registry.terraform.io/hashicorp/azurerm\"]",
      "instances": [
        {
          "schema_version": 1,
          "attributes": {
            "capacity": 0,
            "default_primary_connection_string": "Endpoint=sb://fantasygaming-bus.servicebus.windows.net/;SharedAccessKeyName=RootManageSharedAccessKey;SharedAccessKey=IKart+ysj+CZVuBZk3m2SufxLSTWVVhw8+ASbEedOxo=",
            "default_primary_key": "IKart+ysj+CZVuBZk3m2SufxLSTWVVhw8+ASbEedOxo=",
            "default_secondary_connection_string": "Endpoint=sb://fantasygaming-bus.servicebus.windows.net/;SharedAccessKeyName=RootManageSharedAccessKey;SharedAccessKey=h5sDSvCdZd3xHTQ26UFOlA+W3XGxb+pBg+ASbG2bNMY=",
            "default_secondary_key": "h5sDSvCdZd3xHTQ26UFOlA+W3XGxb+pBg+ASbG2bNMY=",
            "id": "/subscriptions/a6069e41-20e6-4882-b1f8-eaa9ecb2b060/resourceGroups/fantasygaming-dev/providers/Microsoft.ServiceBus/namespaces/fantasygaming-bus",
            "identity": [],
            "location": "southindia",
            "name": "fantasygaming-bus",
            "resource_group_name": "fantasygaming-dev",
            "sku": "Basic",
            "tags": {
              "BillingCode": "fantasygaming",
              "Environment": "dev"
            },
            "timeouts": null,
            "zone_redundant": false
          },
          "sensitive_attributes": [],
          "private": "eyJlMmJmYjczMC1lY2FhLTExZTYtOGY4OC0zNDM2M2JjN2M0YzAiOnsiY3JlYXRlIjoxODAwMDAwMDAwMDAwLCJkZWxldGUiOjE4MDAwMDAwMDAwMDAsInJlYWQiOjMwMDAwMDAwMDAwMCwidXBkYXRlIjoxODAwMDAwMDAwMDAwfSwic2NoZW1hX3ZlcnNpb24iOiIxIn0=",
          "dependencies": [
            "module.common.azurerm_resource_group.rg"
          ]
        }
      ]
    },
    {
      "module": "module.servicebus",
      "mode": "managed",
      "type": "azurerm_servicebus_namespace_authorization_rule",
      "name": "servicebusReaderWriter",
      "provider": "provider[\"registry.terraform.io/hashicorp/azurerm\"]",
      "instances": [
        {
          "schema_version": 0,
          "attributes": {
            "id": "/subscriptions/a6069e41-20e6-4882-b1f8-eaa9ecb2b060/resourceGroups/fantasygaming-dev/providers/Microsoft.ServiceBus/namespaces/fantasygaming-bus/AuthorizationRules/servicebusReaderWriter",
            "listen": true,
            "manage": false,
            "name": "servicebusReaderWriter",
            "namespace_id": "/subscriptions/a6069e41-20e6-4882-b1f8-eaa9ecb2b060/resourceGroups/fantasygaming-dev/providers/Microsoft.ServiceBus/namespaces/fantasygaming-bus",
            "namespace_name": "fantasygaming-bus",
            "primary_connection_string": "Endpoint=sb://fantasygaming-bus.servicebus.windows.net/;SharedAccessKeyName=servicebusReaderWriter;SharedAccessKey=PEUODDa1fD/k1MnwOXN8A3mctz7OQznfV+ASbD8yseU=",
            "primary_connection_string_alias": "",
            "primary_key": "PEUODDa1fD/k1MnwOXN8A3mctz7OQznfV+ASbD8yseU=",
            "resource_group_name": "fantasygaming-dev",
            "secondary_connection_string": "Endpoint=sb://fantasygaming-bus.servicebus.windows.net/;SharedAccessKeyName=servicebusReaderWriter;SharedAccessKey=g9BQNo2oJk+2l3w7faT4cCLa38Mk1aowC+ASbDdjmGs=",
            "secondary_connection_string_alias": "",
            "secondary_key": "g9BQNo2oJk+2l3w7faT4cCLa38Mk1aowC+ASbDdjmGs=",
            "send": true,
            "timeouts": null
          },
          "sensitive_attributes": [],
          "private": "eyJlMmJmYjczMC1lY2FhLTExZTYtOGY4OC0zNDM2M2JjN2M0YzAiOnsiY3JlYXRlIjoxODAwMDAwMDAwMDAwLCJkZWxldGUiOjE4MDAwMDAwMDAwMDAsInJlYWQiOjMwMDAwMDAwMDAwMCwidXBkYXRlIjoxODAwMDAwMDAwMDAwfX0=",
          "dependencies": [
            "module.common.azurerm_resource_group.rg",
            "module.servicebus.azurerm_servicebus_namespace.busNamespace"
          ]
        }
      ]
    },
    {
      "module": "module.servicebus",
      "mode": "managed",
      "type": "azurerm_servicebus_queue",
      "name": "gameSvcMessagesErrorQueue",
      "provider": "provider[\"registry.terraform.io/hashicorp/azurerm\"]",
      "instances": [
        {
          "schema_version": 0,
          "attributes": {
            "auto_delete_on_idle": "P10675199DT2H48M5.4775807S",
            "dead_lettering_on_message_expiration": true,
            "default_message_ttl": "PT30S",
            "duplicate_detection_history_time_window": "PT10M",
            "enable_batched_operations": true,
            "enable_express": false,
            "enable_partitioning": true,
            "forward_dead_lettered_messages_to": "gamesvc-queue",
            "forward_to": "",
            "id": "/subscriptions/a6069e41-20e6-4882-b1f8-eaa9ecb2b060/resourceGroups/fantasygaming-dev/providers/Microsoft.ServiceBus/namespaces/fantasygaming-bus/queues/gamesvc-error-queue",
            "lock_duration": "PT1M",
            "max_delivery_count": 10,
            "max_message_size_in_kilobytes": 256,
            "max_size_in_megabytes": 1024,
            "name": "gamesvc-error-queue",
            "namespace_id": "/subscriptions/a6069e41-20e6-4882-b1f8-eaa9ecb2b060/resourceGroups/fantasygaming-dev/providers/Microsoft.ServiceBus/namespaces/fantasygaming-bus",
            "namespace_name": "fantasygaming-bus",
            "requires_duplicate_detection": false,
            "requires_session": false,
            "resource_group_name": "fantasygaming-dev",
            "status": "Active",
            "timeouts": null
          },
          "sensitive_attributes": [],
          "private": "eyJlMmJmYjczMC1lY2FhLTExZTYtOGY4OC0zNDM2M2JjN2M0YzAiOnsiY3JlYXRlIjoxODAwMDAwMDAwMDAwLCJkZWxldGUiOjE4MDAwMDAwMDAwMDAsInJlYWQiOjMwMDAwMDAwMDAwMCwidXBkYXRlIjoxODAwMDAwMDAwMDAwfX0=",
          "dependencies": [
            "module.common.azurerm_resource_group.rg",
            "module.servicebus.azurerm_servicebus_namespace.busNamespace",
            "module.servicebus.azurerm_servicebus_queue.gameSvcMessagesQueue"
          ]
        }
      ]
    },
    {
      "module": "module.servicebus",
      "mode": "managed",
      "type": "azurerm_servicebus_queue",
      "name": "gameSvcMessagesQueue",
      "provider": "provider[\"registry.terraform.io/hashicorp/azurerm\"]",
      "instances": [
        {
          "schema_version": 0,
          "attributes": {
            "auto_delete_on_idle": "P10675199DT2H48M5.4775807S",
            "dead_lettering_on_message_expiration": false,
            "default_message_ttl": "P14D",
            "duplicate_detection_history_time_window": "PT10M",
            "enable_batched_operations": true,
            "enable_express": false,
            "enable_partitioning": true,
            "forward_dead_lettered_messages_to": "",
            "forward_to": "",
            "id": "/subscriptions/a6069e41-20e6-4882-b1f8-eaa9ecb2b060/resourceGroups/fantasygaming-dev/providers/Microsoft.ServiceBus/namespaces/fantasygaming-bus/queues/gamesvc-queue",
            "lock_duration": "PT30S",
            "max_delivery_count": 10,
            "max_message_size_in_kilobytes": 256,
            "max_size_in_megabytes": 1024,
            "name": "gamesvc-queue",
            "namespace_id": "/subscriptions/a6069e41-20e6-4882-b1f8-eaa9ecb2b060/resourceGroups/fantasygaming-dev/providers/Microsoft.ServiceBus/namespaces/fantasygaming-bus",
            "namespace_name": "fantasygaming-bus",
            "requires_duplicate_detection": false,
            "requires_session": false,
            "resource_group_name": "fantasygaming-dev",
            "status": "Active",
            "timeouts": null
          },
          "sensitive_attributes": [],
          "private": "eyJlMmJmYjczMC1lY2FhLTExZTYtOGY4OC0zNDM2M2JjN2M0YzAiOnsiY3JlYXRlIjoxODAwMDAwMDAwMDAwLCJkZWxldGUiOjE4MDAwMDAwMDAwMDAsInJlYWQiOjMwMDAwMDAwMDAwMCwidXBkYXRlIjoxODAwMDAwMDAwMDAwfX0=",
          "dependencies": [
            "module.common.azurerm_resource_group.rg",
            "module.servicebus.azurerm_servicebus_namespace.busNamespace"
          ]
        }
      ]
    },
    {
      "module": "module.servicebus",
      "mode": "managed",
      "type": "azurerm_servicebus_queue",
      "name": "paymentSvcMessagesErrorQueue",
      "provider": "provider[\"registry.terraform.io/hashicorp/azurerm\"]",
      "instances": [
        {
          "schema_version": 0,
          "attributes": {
            "auto_delete_on_idle": "P10675199DT2H48M5.4775807S",
            "dead_lettering_on_message_expiration": true,
            "default_message_ttl": "PT30S",
            "duplicate_detection_history_time_window": "PT10M",
            "enable_batched_operations": true,
            "enable_express": false,
            "enable_partitioning": true,
            "forward_dead_lettered_messages_to": "paymentsvc-queue",
            "forward_to": "",
            "id": "/subscriptions/a6069e41-20e6-4882-b1f8-eaa9ecb2b060/resourceGroups/fantasygaming-dev/providers/Microsoft.ServiceBus/namespaces/fantasygaming-bus/queues/paymentsvc-error-queue",
            "lock_duration": "PT1M",
            "max_delivery_count": 10,
            "max_message_size_in_kilobytes": 256,
            "max_size_in_megabytes": 1024,
            "name": "paymentsvc-error-queue",
            "namespace_id": "/subscriptions/a6069e41-20e6-4882-b1f8-eaa9ecb2b060/resourceGroups/fantasygaming-dev/providers/Microsoft.ServiceBus/namespaces/fantasygaming-bus",
            "namespace_name": "fantasygaming-bus",
            "requires_duplicate_detection": false,
            "requires_session": false,
            "resource_group_name": "fantasygaming-dev",
            "status": "Active",
            "timeouts": null
          },
          "sensitive_attributes": [],
          "private": "eyJlMmJmYjczMC1lY2FhLTExZTYtOGY4OC0zNDM2M2JjN2M0YzAiOnsiY3JlYXRlIjoxODAwMDAwMDAwMDAwLCJkZWxldGUiOjE4MDAwMDAwMDAwMDAsInJlYWQiOjMwMDAwMDAwMDAwMCwidXBkYXRlIjoxODAwMDAwMDAwMDAwfX0=",
          "dependencies": [
            "module.common.azurerm_resource_group.rg",
            "module.servicebus.azurerm_servicebus_namespace.busNamespace",
            "module.servicebus.azurerm_servicebus_queue.paymentSvcMessagesQueue"
          ]
        }
      ]
    },
    {
      "module": "module.servicebus",
      "mode": "managed",
      "type": "azurerm_servicebus_queue",
      "name": "paymentSvcMessagesQueue",
      "provider": "provider[\"registry.terraform.io/hashicorp/azurerm\"]",
      "instances": [
        {
          "schema_version": 0,
          "attributes": {
            "auto_delete_on_idle": "P10675199DT2H48M5.4775807S",
            "dead_lettering_on_message_expiration": false,
            "default_message_ttl": "P14D",
            "duplicate_detection_history_time_window": "PT10M",
            "enable_batched_operations": true,
            "enable_express": false,
            "enable_partitioning": true,
            "forward_dead_lettered_messages_to": "",
            "forward_to": "",
            "id": "/subscriptions/a6069e41-20e6-4882-b1f8-eaa9ecb2b060/resourceGroups/fantasygaming-dev/providers/Microsoft.ServiceBus/namespaces/fantasygaming-bus/queues/paymentsvc-queue",
            "lock_duration": "PT30S",
            "max_delivery_count": 10,
            "max_message_size_in_kilobytes": 256,
            "max_size_in_megabytes": 1024,
            "name": "paymentsvc-queue",
            "namespace_id": "/subscriptions/a6069e41-20e6-4882-b1f8-eaa9ecb2b060/resourceGroups/fantasygaming-dev/providers/Microsoft.ServiceBus/namespaces/fantasygaming-bus",
            "namespace_name": "fantasygaming-bus",
            "requires_duplicate_detection": false,
            "requires_session": false,
            "resource_group_name": "fantasygaming-dev",
            "status": "Active",
            "timeouts": null
          },
          "sensitive_attributes": [],
          "private": "eyJlMmJmYjczMC1lY2FhLTExZTYtOGY4OC0zNDM2M2JjN2M0YzAiOnsiY3JlYXRlIjoxODAwMDAwMDAwMDAwLCJkZWxldGUiOjE4MDAwMDAwMDAwMDAsInJlYWQiOjMwMDAwMDAwMDAwMCwidXBkYXRlIjoxODAwMDAwMDAwMDAwfX0=",
          "dependencies": [
            "module.common.azurerm_resource_group.rg",
            "module.servicebus.azurerm_servicebus_namespace.busNamespace"
          ]
        }
      ]
    },
    {
      "module": "module.servicebus",
      "mode": "managed",
      "type": "azurerm_servicebus_queue",
      "name": "sagaReplyMessagesErrorQueue",
      "provider": "provider[\"registry.terraform.io/hashicorp/azurerm\"]",
      "instances": [
        {
          "schema_version": 0,
          "attributes": {
            "auto_delete_on_idle": "P10675199DT2H48M5.4775807S",
            "dead_lettering_on_message_expiration": true,
            "default_message_ttl": "PT30S",
            "duplicate_detection_history_time_window": "PT10M",
            "enable_batched_operations": true,
            "enable_express": false,
            "enable_partitioning": true,
            "forward_dead_lettered_messages_to": "sagareply-queue",
            "forward_to": "",
            "id": "/subscriptions/a6069e41-20e6-4882-b1f8-eaa9ecb2b060/resourceGroups/fantasygaming-dev/providers/Microsoft.ServiceBus/namespaces/fantasygaming-bus/queues/sagareply-error-queue",
            "lock_duration": "PT1M",
            "max_delivery_count": 10,
            "max_message_size_in_kilobytes": 256,
            "max_size_in_megabytes": 1024,
            "name": "sagareply-error-queue",
            "namespace_id": "/subscriptions/a6069e41-20e6-4882-b1f8-eaa9ecb2b060/resourceGroups/fantasygaming-dev/providers/Microsoft.ServiceBus/namespaces/fantasygaming-bus",
            "namespace_name": "fantasygaming-bus",
            "requires_duplicate_detection": false,
            "requires_session": false,
            "resource_group_name": "fantasygaming-dev",
            "status": "Active",
            "timeouts": null
          },
          "sensitive_attributes": [],
          "private": "eyJlMmJmYjczMC1lY2FhLTExZTYtOGY4OC0zNDM2M2JjN2M0YzAiOnsiY3JlYXRlIjoxODAwMDAwMDAwMDAwLCJkZWxldGUiOjE4MDAwMDAwMDAwMDAsInJlYWQiOjMwMDAwMDAwMDAwMCwidXBkYXRlIjoxODAwMDAwMDAwMDAwfX0=",
          "dependencies": [
            "module.common.azurerm_resource_group.rg",
            "module.servicebus.azurerm_servicebus_namespace.busNamespace",
            "module.servicebus.azurerm_servicebus_queue.sagaReplyMessagesQueue"
          ]
        }
      ]
    },
    {
      "module": "module.servicebus",
      "mode": "managed",
      "type": "azurerm_servicebus_queue",
      "name": "sagaReplyMessagesQueue",
      "provider": "provider[\"registry.terraform.io/hashicorp/azurerm\"]",
      "instances": [
        {
          "schema_version": 0,
          "attributes": {
            "auto_delete_on_idle": "P10675199DT2H48M5.4775807S",
            "dead_lettering_on_message_expiration": false,
            "default_message_ttl": "P14D",
            "duplicate_detection_history_time_window": "PT10M",
            "enable_batched_operations": true,
            "enable_express": false,
            "enable_partitioning": true,
            "forward_dead_lettered_messages_to": "",
            "forward_to": "",
            "id": "/subscriptions/a6069e41-20e6-4882-b1f8-eaa9ecb2b060/resourceGroups/fantasygaming-dev/providers/Microsoft.ServiceBus/namespaces/fantasygaming-bus/queues/sagareply-queue",
            "lock_duration": "PT30S",
            "max_delivery_count": 10,
            "max_message_size_in_kilobytes": 256,
            "max_size_in_megabytes": 1024,
            "name": "sagareply-queue",
            "namespace_id": "/subscriptions/a6069e41-20e6-4882-b1f8-eaa9ecb2b060/resourceGroups/fantasygaming-dev/providers/Microsoft.ServiceBus/namespaces/fantasygaming-bus",
            "namespace_name": "fantasygaming-bus",
            "requires_duplicate_detection": false,
            "requires_session": false,
            "resource_group_name": "fantasygaming-dev",
            "status": "Active",
            "timeouts": null
          },
          "sensitive_attributes": [],
          "private": "eyJlMmJmYjczMC1lY2FhLTExZTYtOGY4OC0zNDM2M2JjN2M0YzAiOnsiY3JlYXRlIjoxODAwMDAwMDAwMDAwLCJkZWxldGUiOjE4MDAwMDAwMDAwMDAsInJlYWQiOjMwMDAwMDAwMDAwMCwidXBkYXRlIjoxODAwMDAwMDAwMDAwfX0=",
          "dependencies": [
            "module.common.azurerm_resource_group.rg",
            "module.servicebus.azurerm_servicebus_namespace.busNamespace"
          ]
        }
      ]
    }
  ],
  "check_results": null
}
