{
  "version": 4,
  "terraform_version": "1.4.6",
  "serial": 21,
  "lineage": "47b80e79-d7fb-1040-3ba7-e62d4025fb0e",
  "outputs": {
    "app_id": {
      "value": "1f109a0d-82a2-4b3b-8732-fd86895a4841",
      "type": "string"
    },
    "cosmosdb_primary_connectionstring": {
      "value": [
        "AccountEndpoint=https://dev-cosmos-fantasygaming-db-77175.documents.azure.com:443/;AccountKey=lZJm0n5sH2di6GU17eByJH6Kkww5vRoP5rPGb55BFCID0oDSDrbLWtf4stXC222Bn2KyFa27sMvoACDb9VqLFg==;",
        "AccountEndpoint=https://dev-cosmos-fantasygaming-db-77175.documents.azure.com:443/;AccountKey=jSZlZWaHI9PhL0DMfyxZUV6DeT6OGhc1jLKtFDmMi1vwsgElDyN49agngqEKqZIRjeCEhRMV6zn0ACDbyOGpXQ==;",
        "AccountEndpoint=https://dev-cosmos-fantasygaming-db-77175.documents.azure.com:443/;AccountKey=CsEtMUctV6dsrQHkygOeB6f2WSRb7sjNv9sssiwMrT2fz0Qu0zIzgsFMgt3YOqEJfQqwqgYK6AEiACDbeFTC5Q==;",
        "AccountEndpoint=https://dev-cosmos-fantasygaming-db-77175.documents.azure.com:443/;AccountKey=3oxmvXjZofqlNSTxrVdo4hYzNoixCgHsO5LF7r3bEwZy3ARVEwbWHoqK9MUfdb4nsx9GwCWtMNx4ACDbBrSzog==;"
      ],
      "type": [
        "list",
        "string"
      ],
      "sensitive": true
    },
    "gamesvc_error_message_queue_name": {
      "value": "gamesvc-error-queue",
      "type": "string"
    },
    "gamesvc_messages_queue_name": {
      "value": "gamesvc-queue",
      "type": "string"
    },
    "instrumentation_key": {
      "value": "5c546e06-b6fd-4051-86a7-25b77b5746cd",
      "type": "string",
      "sensitive": true
    },
    "paymentsvc_error_message_queue_name": {
      "value": "paymentsvc-error-queue",
      "type": "string"
    },
    "paymentsvc_messages_queue_name": {
      "value": "paymentsvc-queue",
      "type": "string"
    },
    "resource_group_name": {
      "value": "fantasygaming-dev",
      "type": "string"
    },
    "sagareply_error_message_queue_name": {
      "value": "sagareply-error-queue",
      "type": "string"
    },
    "sagareply_messages_queue_name": {
      "value": "sagareply-queue",
      "type": "string"
    },
    "servicebus_reader_writer_connection_string": {
      "value": "Endpoint=sb://fantasygaming-bus.servicebus.windows.net/;SharedAccessKeyName=servicebusReaderWriter;SharedAccessKey=cixIXB0z/nj4435pjOeFTzA6kv9JwNgg5+ASbBKHg2w=",
      "type": "string",
      "sensitive": true
    }
  },
  "resources": [
    {
      "module": "module.common",
      "mode": "managed",
      "type": "azurerm_resource_group",
      "name": "rg",
      "provider": "provider[\"registry.terraform.io/hashicorp/azurerm\"]",
      "instances": [
        {
          "schema_version": 0,
          "attributes": {
            "id": "/subscriptions/a6069e41-20e6-4882-b1f8-eaa9ecb2b060/resourceGroups/fantasygaming-dev",
            "location": "southindia",
            "managed_by": "",
            "name": "fantasygaming-dev",
            "tags": {
              "BillingCode": "fantasygaming",
              "Environment": "dev"
            },
            "timeouts": null
          },
          "sensitive_attributes": [],
          "private": "eyJlMmJmYjczMC1lY2FhLTExZTYtOGY4OC0zNDM2M2JjN2M0YzAiOnsiY3JlYXRlIjo1NDAwMDAwMDAwMDAwLCJkZWxldGUiOjU0MDAwMDAwMDAwMDAsInJlYWQiOjMwMDAwMDAwMDAwMCwidXBkYXRlIjo1NDAwMDAwMDAwMDAwfX0="
        }
      ]
    },
    {
      "module": "module.cosmosdb",
      "mode": "managed",
      "type": "azurerm_cosmosdb_account",
      "name": "fantasygaming-db-account",
      "provider": "provider[\"registry.terraform.io/hashicorp/azurerm\"]",
      "instances": [
        {
          "schema_version": 0,
          "attributes": {
            "access_key_metadata_writes_enabled": true,
            "analytical_storage": [
              {
                "schema_type": "WellDefined"
              }
            ],
            "analytical_storage_enabled": false,
            "backup": [
              {
                "interval_in_minutes": 240,
                "retention_in_hours": 8,
                "storage_redundancy": "Geo",
                "type": "Periodic"
              }
            ],
            "capabilities": [],
            "capacity": [],
            "connection_strings": [
              "AccountEndpoint=https://dev-cosmos-fantasygaming-db-77175.documents.azure.com:443/;AccountKey=lZJm0n5sH2di6GU17eByJH6Kkww5vRoP5rPGb55BFCID0oDSDrbLWtf4stXC222Bn2KyFa27sMvoACDb9VqLFg==;",
              "AccountEndpoint=https://dev-cosmos-fantasygaming-db-77175.documents.azure.com:443/;AccountKey=jSZlZWaHI9PhL0DMfyxZUV6DeT6OGhc1jLKtFDmMi1vwsgElDyN49agngqEKqZIRjeCEhRMV6zn0ACDbyOGpXQ==;",
              "AccountEndpoint=https://dev-cosmos-fantasygaming-db-77175.documents.azure.com:443/;AccountKey=CsEtMUctV6dsrQHkygOeB6f2WSRb7sjNv9sssiwMrT2fz0Qu0zIzgsFMgt3YOqEJfQqwqgYK6AEiACDbeFTC5Q==;",
              "AccountEndpoint=https://dev-cosmos-fantasygaming-db-77175.documents.azure.com:443/;AccountKey=3oxmvXjZofqlNSTxrVdo4hYzNoixCgHsO5LF7r3bEwZy3ARVEwbWHoqK9MUfdb4nsx9GwCWtMNx4ACDbBrSzog==;"
            ],
            "consistency_policy": [
              {
                "consistency_level": "Session",
                "max_interval_in_seconds": 5,
                "max_staleness_prefix": 100
              }
            ],
            "cors_rule": [],
            "create_mode": "",
            "default_identity_type": "FirstPartyIdentity",
            "enable_automatic_failover": false,
            "enable_free_tier": false,
            "enable_multiple_write_locations": false,
            "endpoint": "https://dev-cosmos-fantasygaming-db-77175.documents.azure.com:443/",
            "geo_location": [
              {
                "failover_priority": 0,
                "id": "dev-cosmos-fantasygaming-db-77175-southindia",
                "location": "southindia",
                "zone_redundant": false
              }
            ],
            "id": "/subscriptions/a6069e41-20e6-4882-b1f8-eaa9ecb2b060/resourceGroups/fantasygaming-dev/providers/Microsoft.DocumentDB/databaseAccounts/dev-cosmos-fantasygaming-db-77175",
            "identity": [],
            "ip_range_filter": "",
            "is_virtual_network_filter_enabled": false,
            "key_vault_key_id": null,
            "kind": "GlobalDocumentDB",
            "local_authentication_disabled": false,
            "location": "southindia",
            "mongo_server_version": null,
            "name": "dev-cosmos-fantasygaming-db-77175",
            "network_acl_bypass_for_azure_services": false,
            "network_acl_bypass_ids": null,
            "offer_type": "Standard",
            "primary_key": "lZJm0n5sH2di6GU17eByJH6Kkww5vRoP5rPGb55BFCID0oDSDrbLWtf4stXC222Bn2KyFa27sMvoACDb9VqLFg==",
            "primary_readonly_key": "CsEtMUctV6dsrQHkygOeB6f2WSRb7sjNv9sssiwMrT2fz0Qu0zIzgsFMgt3YOqEJfQqwqgYK6AEiACDbeFTC5Q==",
            "primary_readonly_sql_connection_string": "AccountEndpoint=https://dev-cosmos-fantasygaming-db-77175.documents.azure.com:443/;AccountKey=CsEtMUctV6dsrQHkygOeB6f2WSRb7sjNv9sssiwMrT2fz0Qu0zIzgsFMgt3YOqEJfQqwqgYK6AEiACDbeFTC5Q==;",
            "primary_sql_connection_string": "AccountEndpoint=https://dev-cosmos-fantasygaming-db-77175.documents.azure.com:443/;AccountKey=lZJm0n5sH2di6GU17eByJH6Kkww5vRoP5rPGb55BFCID0oDSDrbLWtf4stXC222Bn2KyFa27sMvoACDb9VqLFg==;",
            "public_network_access_enabled": true,
            "read_endpoints": [
              "https://dev-cosmos-fantasygaming-db-77175-southindia.documents.azure.com:443/"
            ],
            "resource_group_name": "fantasygaming-dev",
            "restore": [],
            "secondary_key": "jSZlZWaHI9PhL0DMfyxZUV6DeT6OGhc1jLKtFDmMi1vwsgElDyN49agngqEKqZIRjeCEhRMV6zn0ACDbyOGpXQ==",
            "secondary_readonly_key": "3oxmvXjZofqlNSTxrVdo4hYzNoixCgHsO5LF7r3bEwZy3ARVEwbWHoqK9MUfdb4nsx9GwCWtMNx4ACDbBrSzog==",
            "secondary_readonly_sql_connection_string": "AccountEndpoint=https://dev-cosmos-fantasygaming-db-77175.documents.azure.com:443/;AccountKey=3oxmvXjZofqlNSTxrVdo4hYzNoixCgHsO5LF7r3bEwZy3ARVEwbWHoqK9MUfdb4nsx9GwCWtMNx4ACDbBrSzog==;",
            "secondary_sql_connection_string": "AccountEndpoint=https://dev-cosmos-fantasygaming-db-77175.documents.azure.com:443/;AccountKey=jSZlZWaHI9PhL0DMfyxZUV6DeT6OGhc1jLKtFDmMi1vwsgElDyN49agngqEKqZIRjeCEhRMV6zn0ACDbyOGpXQ==;",
            "tags": {
              "BillingCode": "fantasygaming",
              "Environment": "dev"
            },
            "timeouts": null,
            "virtual_network_rule": [],
            "write_endpoints": [
              "https://dev-cosmos-fantasygaming-db-77175-southindia.documents.azure.com:443/"
            ]
          },
          "sensitive_attributes": [],
          "private": "eyJlMmJmYjczMC1lY2FhLTExZTYtOGY4OC0zNDM2M2JjN2M0YzAiOnsiY3JlYXRlIjoxMDgwMDAwMDAwMDAwMCwiZGVsZXRlIjoxMDgwMDAwMDAwMDAwMCwicmVhZCI6MzAwMDAwMDAwMDAwLCJ1cGRhdGUiOjEwODAwMDAwMDAwMDAwfX0=",
          "dependencies": [
            "module.common.azurerm_resource_group.rg",
            "module.cosmosdb.random_integer.sagalogic-ri"
          ]
        }
      ]
    },
    {
      "module": "module.cosmosdb",
      "mode": "managed",
      "type": "azurerm_cosmosdb_sql_container",
      "name": "fantasygaming-sql-container",
      "provider": "provider[\"registry.terraform.io/hashicorp/azurerm\"]",
      "instances": [
        {
          "index_key": "gameregistration",
          "schema_version": 1,
          "attributes": {
            "account_name": "dev-cosmos-fantasygaming-db-77175",
            "analytical_storage_ttl": null,
            "autoscale_settings": [],
            "conflict_resolution_policy": [
              {
                "conflict_resolution_path": "/_ts",
                "conflict_resolution_procedure": "",
                "mode": "LastWriterWins"
              }
            ],
            "database_name": "dev-cosmos-sql-db",
            "default_ttl": null,
            "id": "/subscriptions/a6069e41-20e6-4882-b1f8-eaa9ecb2b060/resourceGroups/fantasygaming-dev/providers/Microsoft.DocumentDB/databaseAccounts/dev-cosmos-fantasygaming-db-77175/sqlDatabases/dev-cosmos-sql-db/containers/gameregistration",
            "indexing_policy": [
              {
                "composite_index": [],
                "excluded_path": [],
                "included_path": [
                  {
                    "path": "/*"
                  }
                ],
                "indexing_mode": "consistent",
                "spatial_index": []
              }
            ],
            "name": "gameregistration",
            "partition_key_path": "/userid",
            "partition_key_version": null,
            "resource_group_name": "fantasygaming-dev",
            "throughput": 0,
            "timeouts": null,
            "unique_key": []
          },
          "sensitive_attributes": [],
          "private": "eyJlMmJmYjczMC1lY2FhLTExZTYtOGY4OC0zNDM2M2JjN2M0YzAiOnsiY3JlYXRlIjoxODAwMDAwMDAwMDAwLCJkZWxldGUiOjE4MDAwMDAwMDAwMDAsInJlYWQiOjMwMDAwMDAwMDAwMCwidXBkYXRlIjoxODAwMDAwMDAwMDAwfSwic2NoZW1hX3ZlcnNpb24iOiIxIn0=",
          "dependencies": [
            "module.common.azurerm_resource_group.rg",
            "module.cosmosdb.azurerm_cosmosdb_account.fantasygaming-db-account",
            "module.cosmosdb.azurerm_cosmosdb_sql_database.fantasygaming-sql-database",
            "module.cosmosdb.random_integer.sagalogic-ri"
          ]
        },
        {
          "index_key": "payment",
          "schema_version": 1,
          "attributes": {
            "account_name": "dev-cosmos-fantasygaming-db-77175",
            "analytical_storage_ttl": null,
            "autoscale_settings": [],
            "conflict_resolution_policy": [
              {
                "conflict_resolution_path": "/_ts",
                "conflict_resolution_procedure": "",
                "mode": "LastWriterWins"
              }
            ],
            "database_name": "dev-cosmos-sql-db",
            "default_ttl": null,
            "id": "/subscriptions/a6069e41-20e6-4882-b1f8-eaa9ecb2b060/resourceGroups/fantasygaming-dev/providers/Microsoft.DocumentDB/databaseAccounts/dev-cosmos-fantasygaming-db-77175/sqlDatabases/dev-cosmos-sql-db/containers/payment",
            "indexing_policy": [
              {
                "composite_index": [],
                "excluded_path": [],
                "included_path": [
                  {
                    "path": "/*"
                  }
                ],
                "indexing_mode": "consistent",
                "spatial_index": []
              }
            ],
            "name": "payment",
            "partition_key_path": "/userid",
            "partition_key_version": null,
            "resource_group_name": "fantasygaming-dev",
            "throughput": 0,
            "timeouts": null,
            "unique_key": []
          },
          "sensitive_attributes": [],
          "private": "eyJlMmJmYjczMC1lY2FhLTExZTYtOGY4OC0zNDM2M2JjN2M0YzAiOnsiY3JlYXRlIjoxODAwMDAwMDAwMDAwLCJkZWxldGUiOjE4MDAwMDAwMDAwMDAsInJlYWQiOjMwMDAwMDAwMDAwMCwidXBkYXRlIjoxODAwMDAwMDAwMDAwfSwic2NoZW1hX3ZlcnNpb24iOiIxIn0=",
          "dependencies": [
            "module.common.azurerm_resource_group.rg",
            "module.cosmosdb.azurerm_cosmosdb_account.fantasygaming-db-account",
            "module.cosmosdb.azurerm_cosmosdb_sql_database.fantasygaming-sql-database",
            "module.cosmosdb.random_integer.sagalogic-ri"
          ]
        },
        {
          "index_key": "saga",
          "schema_version": 1,
          "attributes": {
            "account_name": "dev-cosmos-fantasygaming-db-77175",
            "analytical_storage_ttl": null,
            "autoscale_settings": [],
            "conflict_resolution_policy": [
              {
                "conflict_resolution_path": "/_ts",
                "conflict_resolution_procedure": "",
                "mode": "LastWriterWins"
              }
            ],
            "database_name": "dev-cosmos-sql-db",
            "default_ttl": null,
            "id": "/subscriptions/a6069e41-20e6-4882-b1f8-eaa9ecb2b060/resourceGroups/fantasygaming-dev/providers/Microsoft.DocumentDB/databaseAccounts/dev-cosmos-fantasygaming-db-77175/sqlDatabases/dev-cosmos-sql-db/containers/saga",
            "indexing_policy": [
              {
                "composite_index": [],
                "excluded_path": [],
                "included_path": [
                  {
                    "path": "/*"
                  }
                ],
                "indexing_mode": "consistent",
                "spatial_index": []
              }
            ],
            "name": "saga",
            "partition_key_path": "/Id",
            "partition_key_version": null,
            "resource_group_name": "fantasygaming-dev",
            "throughput": 0,
            "timeouts": null,
            "unique_key": []
          },
          "sensitive_attributes": [],
          "private": "eyJlMmJmYjczMC1lY2FhLTExZTYtOGY4OC0zNDM2M2JjN2M0YzAiOnsiY3JlYXRlIjoxODAwMDAwMDAwMDAwLCJkZWxldGUiOjE4MDAwMDAwMDAwMDAsInJlYWQiOjMwMDAwMDAwMDAwMCwidXBkYXRlIjoxODAwMDAwMDAwMDAwfSwic2NoZW1hX3ZlcnNpb24iOiIxIn0=",
          "dependencies": [
            "module.common.azurerm_resource_group.rg",
            "module.cosmosdb.azurerm_cosmosdb_account.fantasygaming-db-account",
            "module.cosmosdb.azurerm_cosmosdb_sql_database.fantasygaming-sql-database",
            "module.cosmosdb.random_integer.sagalogic-ri"
          ]
        }
      ]
    },
    {
      "module": "module.cosmosdb",
      "mode": "managed",
      "type": "azurerm_cosmosdb_sql_database",
      "name": "fantasygaming-sql-database",
      "provider": "provider[\"registry.terraform.io/hashicorp/azurerm\"]",
      "instances": [
        {
          "schema_version": 1,
          "attributes": {
            "account_name": "dev-cosmos-fantasygaming-db-77175",
            "autoscale_settings": [],
            "id": "/subscriptions/a6069e41-20e6-4882-b1f8-eaa9ecb2b060/resourceGroups/fantasygaming-dev/providers/Microsoft.DocumentDB/databaseAccounts/dev-cosmos-fantasygaming-db-77175/sqlDatabases/dev-cosmos-sql-db",
            "name": "dev-cosmos-sql-db",
            "resource_group_name": "fantasygaming-dev",
            "throughput": 500,
            "timeouts": null
          },
          "sensitive_attributes": [],
          "private": "eyJlMmJmYjczMC1lY2FhLTExZTYtOGY4OC0zNDM2M2JjN2M0YzAiOnsiY3JlYXRlIjoxODAwMDAwMDAwMDAwLCJkZWxldGUiOjE4MDAwMDAwMDAwMDAsInJlYWQiOjMwMDAwMDAwMDAwMCwidXBkYXRlIjoxODAwMDAwMDAwMDAwfSwic2NoZW1hX3ZlcnNpb24iOiIxIn0=",
          "dependencies": [
            "module.common.azurerm_resource_group.rg",
            "module.cosmosdb.azurerm_cosmosdb_account.fantasygaming-db-account",
            "module.cosmosdb.random_integer.sagalogic-ri"
          ]
        }
      ]
    },
    {
      "module": "module.cosmosdb",
      "mode": "managed",
      "type": "random_integer",
      "name": "sagalogic-ri",
      "provider": "provider[\"registry.terraform.io/hashicorp/random\"]",
      "instances": [
        {
          "schema_version": 0,
          "attributes": {
            "id": "77175",
            "keepers": null,
            "max": 99999,
            "min": 10000,
            "result": 77175,
            "seed": null
          },
          "sensitive_attributes": [],
          "dependencies": [
            "module.common.azurerm_resource_group.rg"
          ]
        }
      ]
    },
    {
      "module": "module.functionapp",
      "mode": "managed",
      "type": "azurerm_application_insights",
      "name": "fantasygaming-application-insights",
      "provider": "provider[\"registry.terraform.io/hashicorp/azurerm\"]",
      "instances": [
        {
          "schema_version": 1,
          "attributes": {
            "app_id": "1f109a0d-82a2-4b3b-8732-fd86895a4841",
            "application_type": "web",
            "connection_string": "InstrumentationKey=5c546e06-b6fd-4051-86a7-25b77b5746cd;IngestionEndpoint=https://southindia-0.in.applicationinsights.azure.com/;LiveEndpoint=https://southindia.livediagnostics.monitor.azure.com/",
            "daily_data_cap_in_gb": 100,
            "daily_data_cap_notifications_disabled": false,
            "disable_ip_masking": false,
            "force_customer_storage_for_profiler": false,
            "id": "/subscriptions/a6069e41-20e6-4882-b1f8-eaa9ecb2b060/resourceGroups/fantasygaming-dev/providers/Microsoft.Insights/components/dev-app-insights",
            "instrumentation_key": "5c546e06-b6fd-4051-86a7-25b77b5746cd",
            "internet_ingestion_enabled": true,
            "internet_query_enabled": true,
            "local_authentication_disabled": false,
            "location": "southindia",
            "name": "dev-app-insights",
            "resource_group_name": "fantasygaming-dev",
            "retention_in_days": 90,
            "sampling_percentage": 100,
            "tags": null,
            "timeouts": null,
            "workspace_id": "/subscriptions/a6069e41-20e6-4882-b1f8-eaa9ecb2b060/resourceGroups/fantasygaming-dev/providers/Microsoft.OperationalInsights/workspaces/fantasygaming-log-workspace"
          },
          "sensitive_attributes": [],
          "private": "eyJlMmJmYjczMC1lY2FhLTExZTYtOGY4OC0zNDM2M2JjN2M0YzAiOnsiY3JlYXRlIjozNjAwMDAwMDAwMDAwLCJkZWxldGUiOjE4MDAwMDAwMDAwMDAsInJlYWQiOjMwMDAwMDAwMDAwMCwidXBkYXRlIjoxODAwMDAwMDAwMDAwfSwic2NoZW1hX3ZlcnNpb24iOiIxIn0=",
          "dependencies": [
            "module.common.azurerm_resource_group.rg",
            "module.cosmosdb.azurerm_cosmosdb_account.fantasygaming-db-account",
            "module.cosmosdb.azurerm_cosmosdb_sql_container.fantasygaming-sql-container",
            "module.cosmosdb.azurerm_cosmosdb_sql_database.fantasygaming-sql-database",
            "module.cosmosdb.random_integer.sagalogic-ri",
            "module.functionapp.azurerm_log_analytics_workspace.fantasygaming-log-workspace",
            "module.servicebus.azurerm_servicebus_namespace.busNamespace",
            "module.servicebus.azurerm_servicebus_namespace_authorization_rule.servicebusReaderWriter",
            "module.servicebus.azurerm_servicebus_queue.gameSvcMessagesErrorQueue",
            "module.servicebus.azurerm_servicebus_queue.gameSvcMessagesQueue",
            "module.servicebus.azurerm_servicebus_queue.paymentSvcMessagesErrorQueue",
            "module.servicebus.azurerm_servicebus_queue.paymentSvcMessagesQueue",
            "module.servicebus.azurerm_servicebus_queue.sagaReplyMessagesErrorQueue",
            "module.servicebus.azurerm_servicebus_queue.sagaReplyMessagesQueue"
          ]
        }
      ]
    },
    {
      "module": "module.functionapp",
      "mode": "managed",
      "type": "azurerm_log_analytics_workspace",
      "name": "fantasygaming-log-workspace",
      "provider": "provider[\"registry.terraform.io/hashicorp/azurerm\"]",
      "instances": [
        {
          "schema_version": 3,
          "attributes": {
            "allow_resource_only_permissions": true,
            "cmk_for_query_forced": false,
            "daily_quota_gb": -1,
            "id": "/subscriptions/a6069e41-20e6-4882-b1f8-eaa9ecb2b060/resourceGroups/fantasygaming-dev/providers/Microsoft.OperationalInsights/workspaces/fantasygaming-log-workspace",
            "internet_ingestion_enabled": true,
            "internet_query_enabled": true,
            "local_authentication_disabled": false,
            "location": "southindia",
            "name": "fantasygaming-log-workspace",
            "primary_shared_key": "Rajd3GhDxtdpWC5WBsxYsdeKz11Cvrfze0qRtNN5nj63+5iYvHSxBllsCJBK9/hALmkysVNyKcRiR86aUaU9NQ==",
            "reservation_capacity_in_gb_per_day": null,
            "resource_group_name": "fantasygaming-dev",
            "retention_in_days": 30,
            "secondary_shared_key": "fQ763ZFaUDv5hg+BaT6nIjknSeLXEOm68kXndTFgnm/fyBTupUc3RkumuvvRt5XVcTryHm89dOzdikPyWe7cig==",
            "sku": "PerGB2018",
            "tags": null,
            "timeouts": null,
            "workspace_id": "c1a8b4b9-d932-4b0d-9052-ea2863015626"
          },
          "sensitive_attributes": [],
          "private": "eyJlMmJmYjczMC1lY2FhLTExZTYtOGY4OC0zNDM2M2JjN2M0YzAiOnsiY3JlYXRlIjoxODAwMDAwMDAwMDAwLCJkZWxldGUiOjE4MDAwMDAwMDAwMDAsInJlYWQiOjMwMDAwMDAwMDAwMCwidXBkYXRlIjoxODAwMDAwMDAwMDAwfSwic2NoZW1hX3ZlcnNpb24iOiIzIn0=",
          "dependencies": [
            "module.common.azurerm_resource_group.rg",
            "module.cosmosdb.azurerm_cosmosdb_account.fantasygaming-db-account",
            "module.cosmosdb.azurerm_cosmosdb_sql_container.fantasygaming-sql-container",
            "module.cosmosdb.azurerm_cosmosdb_sql_database.fantasygaming-sql-database",
            "module.cosmosdb.random_integer.sagalogic-ri",
            "module.servicebus.azurerm_servicebus_namespace.busNamespace",
            "module.servicebus.azurerm_servicebus_namespace_authorization_rule.servicebusReaderWriter",
            "module.servicebus.azurerm_servicebus_queue.gameSvcMessagesErrorQueue",
            "module.servicebus.azurerm_servicebus_queue.gameSvcMessagesQueue",
            "module.servicebus.azurerm_servicebus_queue.paymentSvcMessagesErrorQueue",
            "module.servicebus.azurerm_servicebus_queue.paymentSvcMessagesQueue",
            "module.servicebus.azurerm_servicebus_queue.sagaReplyMessagesErrorQueue",
            "module.servicebus.azurerm_servicebus_queue.sagaReplyMessagesQueue"
          ]
        }
      ]
    },
    {
      "module": "module.functionapp",
      "mode": "managed",
      "type": "azurerm_service_plan",
      "name": "primary",
      "provider": "provider[\"registry.terraform.io/hashicorp/azurerm\"]",
      "instances": [
        {
          "schema_version": 0,
          "attributes": {
            "app_service_environment_id": "",
            "id": "/subscriptions/a6069e41-20e6-4882-b1f8-eaa9ecb2b060/resourceGroups/fantasygaming-dev/providers/Microsoft.Web/serverfarms/functionapp_consumption_plan",
            "kind": "functionapp",
            "location": "southindia",
            "maximum_elastic_worker_count": 1,
            "name": "functionapp_consumption_plan",
            "os_type": "Windows",
            "per_site_scaling_enabled": false,
            "reserved": false,
            "resource_group_name": "fantasygaming-dev",
            "sku_name": "Y1",
            "tags": null,
            "timeouts": null,
            "worker_count": 0,
            "zone_balancing_enabled": false
          },
          "sensitive_attributes": [],
          "private": "eyJlMmJmYjczMC1lY2FhLTExZTYtOGY4OC0zNDM2M2JjN2M0YzAiOnsiY3JlYXRlIjozNjAwMDAwMDAwMDAwLCJkZWxldGUiOjM2MDAwMDAwMDAwMDAsInJlYWQiOjMwMDAwMDAwMDAwMCwidXBkYXRlIjozNjAwMDAwMDAwMDAwfX0=",
          "dependencies": [
            "module.common.azurerm_resource_group.rg",
            "module.cosmosdb.azurerm_cosmosdb_account.fantasygaming-db-account",
            "module.cosmosdb.azurerm_cosmosdb_sql_container.fantasygaming-sql-container",
            "module.cosmosdb.azurerm_cosmosdb_sql_database.fantasygaming-sql-database",
            "module.cosmosdb.random_integer.sagalogic-ri",
            "module.servicebus.azurerm_servicebus_namespace.busNamespace",
            "module.servicebus.azurerm_servicebus_namespace_authorization_rule.servicebusReaderWriter",
            "module.servicebus.azurerm_servicebus_queue.gameSvcMessagesErrorQueue",
            "module.servicebus.azurerm_servicebus_queue.gameSvcMessagesQueue",
            "module.servicebus.azurerm_servicebus_queue.paymentSvcMessagesErrorQueue",
            "module.servicebus.azurerm_servicebus_queue.paymentSvcMessagesQueue",
            "module.servicebus.azurerm_servicebus_queue.sagaReplyMessagesErrorQueue",
            "module.servicebus.azurerm_servicebus_queue.sagaReplyMessagesQueue"
          ]
        }
      ]
    },
    {
      "module": "module.functionapp",
      "mode": "managed",
      "type": "azurerm_storage_account",
      "name": "fantasygaming-storage-account",
      "provider": "provider[\"registry.terraform.io/hashicorp/azurerm\"]",
      "instances": [
        {
          "schema_version": 4,
          "attributes": {
            "access_tier": "Hot",
            "account_kind": "StorageV2",
            "account_replication_type": "LRS",
            "account_tier": "Standard",
            "allow_nested_items_to_be_public": true,
            "allowed_copy_scope": "",
            "azure_files_authentication": [],
            "blob_properties": [
              {
                "change_feed_enabled": false,
                "change_feed_retention_in_days": 0,
                "container_delete_retention_policy": [],
                "cors_rule": [],
                "default_service_version": "",
                "delete_retention_policy": [],
                "last_access_time_enabled": false,
                "restore_policy": [],
                "versioning_enabled": false
              }
            ],
            "cross_tenant_replication_enabled": true,
            "custom_domain": [],
            "customer_managed_key": [],
            "default_to_oauth_authentication": false,
            "edge_zone": "",
            "enable_https_traffic_only": true,
            "id": "/subscriptions/a6069e41-20e6-4882-b1f8-eaa9ecb2b060/resourceGroups/fantasygaming-dev/providers/Microsoft.Storage/storageAccounts/devfantasygamingstorage",
            "identity": [],
            "immutability_policy": [],
            "infrastructure_encryption_enabled": false,
            "is_hns_enabled": false,
            "large_file_share_enabled": null,
            "location": "southindia",
            "min_tls_version": "TLS1_2",
            "name": "devfantasygamingstorage",
            "network_rules": [
              {
                "bypass": [
                  "AzureServices"
                ],
                "default_action": "Allow",
                "ip_rules": [],
                "private_link_access": [],
                "virtual_network_subnet_ids": []
              }
            ],
            "nfsv3_enabled": false,
            "primary_access_key": "arjChDhybwzIOZ8sNrV3CLOl31XBSXnQufii6Kpgq7Jlb0EKozG/5nk8Y+KAJUXyKIzHipI8trOz+ASt9vhMeQ==",
            "primary_blob_connection_string": "DefaultEndpointsProtocol=https;BlobEndpoint=https://devfantasygamingstorage.blob.core.windows.net/;AccountName=devfantasygamingstorage;AccountKey=arjChDhybwzIOZ8sNrV3CLOl31XBSXnQufii6Kpgq7Jlb0EKozG/5nk8Y+KAJUXyKIzHipI8trOz+ASt9vhMeQ==",
            "primary_blob_endpoint": "https://devfantasygamingstorage.blob.core.windows.net/",
            "primary_blob_host": "devfantasygamingstorage.blob.core.windows.net",
            "primary_connection_string": "DefaultEndpointsProtocol=https;AccountName=devfantasygamingstorage;AccountKey=arjChDhybwzIOZ8sNrV3CLOl31XBSXnQufii6Kpgq7Jlb0EKozG/5nk8Y+KAJUXyKIzHipI8trOz+ASt9vhMeQ==;EndpointSuffix=core.windows.net",
            "primary_dfs_endpoint": "https://devfantasygamingstorage.dfs.core.windows.net/",
            "primary_dfs_host": "devfantasygamingstorage.dfs.core.windows.net",
            "primary_file_endpoint": "https://devfantasygamingstorage.file.core.windows.net/",
            "primary_file_host": "devfantasygamingstorage.file.core.windows.net",
            "primary_location": "southindia",
            "primary_queue_endpoint": "https://devfantasygamingstorage.queue.core.windows.net/",
            "primary_queue_host": "devfantasygamingstorage.queue.core.windows.net",
            "primary_table_endpoint": "https://devfantasygamingstorage.table.core.windows.net/",
            "primary_table_host": "devfantasygamingstorage.table.core.windows.net",
            "primary_web_endpoint": "https://devfantasygamingstorage.z30.web.core.windows.net/",
            "primary_web_host": "devfantasygamingstorage.z30.web.core.windows.net",
            "public_network_access_enabled": true,
            "queue_encryption_key_type": "Service",
            "queue_properties": [
              {
                "cors_rule": [],
                "hour_metrics": [
                  {
                    "enabled": true,
                    "include_apis": true,
                    "retention_policy_days": 7,
                    "version": "1.0"
                  }
                ],
                "logging": [
                  {
                    "delete": false,
                    "read": false,
                    "retention_policy_days": 0,
                    "version": "1.0",
                    "write": false
                  }
                ],
                "minute_metrics": [
                  {
                    "enabled": false,
                    "include_apis": false,
                    "retention_policy_days": 0,
                    "version": "1.0"
                  }
                ]
              }
            ],
            "resource_group_name": "fantasygaming-dev",
            "routing": [],
            "sas_policy": [],
            "secondary_access_key": "HTYiV/VteGZqRl1Sy7dkecqTaxjOcCCMzXjnv3Tls3jvIrZAk2gYYP8PK+/vBauberoR3Dea1M1k+AStk+6O4g==",
            "secondary_blob_connection_string": "",
            "secondary_blob_endpoint": null,
            "secondary_blob_host": null,
            "secondary_connection_string": "DefaultEndpointsProtocol=https;AccountName=devfantasygamingstorage;AccountKey=HTYiV/VteGZqRl1Sy7dkecqTaxjOcCCMzXjnv3Tls3jvIrZAk2gYYP8PK+/vBauberoR3Dea1M1k+AStk+6O4g==;EndpointSuffix=core.windows.net",
            "secondary_dfs_endpoint": null,
            "secondary_dfs_host": null,
            "secondary_file_endpoint": null,
            "secondary_file_host": null,
            "secondary_location": "",
            "secondary_queue_endpoint": null,
            "secondary_queue_host": null,
            "secondary_table_endpoint": null,
            "secondary_table_host": null,
            "secondary_web_endpoint": null,
            "secondary_web_host": null,
            "sftp_enabled": false,
            "share_properties": [
              {
                "cors_rule": [],
                "retention_policy": [
                  {
                    "days": 7
                  }
                ],
                "smb": []
              }
            ],
            "shared_access_key_enabled": true,
            "static_website": [],
            "table_encryption_key_type": "Service",
            "tags": {
              "environment": "dev"
            },
            "timeouts": null
          },
          "sensitive_attributes": [],
          "private": "eyJlMmJmYjczMC1lY2FhLTExZTYtOGY4OC0zNDM2M2JjN2M0YzAiOnsiY3JlYXRlIjozNjAwMDAwMDAwMDAwLCJkZWxldGUiOjM2MDAwMDAwMDAwMDAsInJlYWQiOjMwMDAwMDAwMDAwMCwidXBkYXRlIjozNjAwMDAwMDAwMDAwfSwic2NoZW1hX3ZlcnNpb24iOiI0In0=",
          "dependencies": [
            "module.common.azurerm_resource_group.rg",
            "module.cosmosdb.azurerm_cosmosdb_account.fantasygaming-db-account",
            "module.cosmosdb.azurerm_cosmosdb_sql_container.fantasygaming-sql-container",
            "module.cosmosdb.azurerm_cosmosdb_sql_database.fantasygaming-sql-database",
            "module.cosmosdb.random_integer.sagalogic-ri",
            "module.servicebus.azurerm_servicebus_namespace.busNamespace",
            "module.servicebus.azurerm_servicebus_namespace_authorization_rule.servicebusReaderWriter",
            "module.servicebus.azurerm_servicebus_queue.gameSvcMessagesErrorQueue",
            "module.servicebus.azurerm_servicebus_queue.gameSvcMessagesQueue",
            "module.servicebus.azurerm_servicebus_queue.paymentSvcMessagesErrorQueue",
            "module.servicebus.azurerm_servicebus_queue.paymentSvcMessagesQueue",
            "module.servicebus.azurerm_servicebus_queue.sagaReplyMessagesErrorQueue",
            "module.servicebus.azurerm_servicebus_queue.sagaReplyMessagesQueue"
          ]
        }
      ]
    },
    {
      "module": "module.functionapp",
      "mode": "managed",
      "type": "azurerm_windows_function_app",
      "name": "fantasygaming-function",
      "provider": "provider[\"registry.terraform.io/hashicorp/azurerm\"]",
      "instances": [
        {
          "schema_version": 0,
          "attributes": {
            "app_settings": {
              "CosmosDbConnectionString": "AccountEndpoint=https://dev-cosmos-fantasygaming-db-77175.documents.azure.com:443/;AccountKey=lZJm0n5sH2di6GU17eByJH6Kkww5vRoP5rPGb55BFCID0oDSDrbLWtf4stXC222Bn2KyFa27sMvoACDb9VqLFg==;",
              "CosmosDbDatabaseName": "dev-cosmos-sql-db",
              "FUNCTIONS_WORKER_RUNTIME": "dotnet",
              "GameCollection": "gameregistration",
              "GameSvcMessageQueue": "gamesvc-queue",
              "OrchestratorCollection": "saga",
              "PaymentCollection": "payment",
              "PaymentSvcMessageQueue": "paymentsvc-queue",
              "SagaReplyMessageQueue": "sagareply-queue",
              "ServiceBusConnection": "Endpoint=sb://fantasygaming-bus.servicebus.windows.net/;SharedAccessKeyName=servicebusReaderWriter;SharedAccessKey=cixIXB0z/nj4435pjOeFTzA6kv9JwNgg5+ASbBKHg2w=",
              "WEBSITE_RUN_FROM_PACKAGE": "1"
            },
            "auth_settings": [],
            "auth_settings_v2": [],
            "backup": [],
            "builtin_logging_enabled": true,
            "client_certificate_enabled": false,
            "client_certificate_exclusion_paths": "",
            "client_certificate_mode": "Optional",
            "connection_string": [],
            "content_share_force_disabled": false,
            "custom_domain_verification_id": "40471109FD41F9C9F07A5FC66BD83D64A5526952DC496C8E7226D11D42C7C983",
            "daily_memory_time_quota": 0,
            "default_hostname": "dev-fantasy-gaming-app.azurewebsites.net",
            "enabled": true,
            "functions_extension_version": "~4",
            "hosting_environment_id": "",
            "https_only": false,
            "id": "/subscriptions/a6069e41-20e6-4882-b1f8-eaa9ecb2b060/resourceGroups/fantasygaming-dev/providers/Microsoft.Web/sites/dev-Fantasy-Gaming-App",
            "identity": [],
            "key_vault_reference_identity_id": "SystemAssigned",
            "kind": "functionapp",
            "location": "southindia",
            "name": "dev-Fantasy-Gaming-App",
            "outbound_ip_address_list": [
              "13.71.91.75",
              "13.71.89.32",
              "52.172.54.158",
              "13.71.101.111",
              "13.71.100.220",
              "13.71.87.223",
              "40.78.194.96"
            ],
            "outbound_ip_addresses": "13.71.91.75,13.71.89.32,52.172.54.158,13.71.101.111,13.71.100.220,13.71.87.223,40.78.194.96",
            "possible_outbound_ip_address_list": [
              "13.71.91.75",
              "13.71.89.32",
              "52.172.54.158",
              "13.71.101.111",
              "13.71.100.220",
              "13.71.87.223",
              "52.172.53.25",
              "104.211.211.29",
              "104.211.225.100",
              "104.211.244.148",
              "104.211.244.231",
              "52.172.47.251",
              "104.211.246.31",
              "104.211.243.159",
              "104.211.204.237",
              "13.71.93.220",
              "13.71.91.110",
              "13.71.94.201",
              "40.78.194.96"
            ],
            "possible_outbound_ip_addresses": "13.71.91.75,13.71.89.32,52.172.54.158,13.71.101.111,13.71.100.220,13.71.87.223,52.172.53.25,104.211.211.29,104.211.225.100,104.211.244.148,104.211.244.231,52.172.47.251,104.211.246.31,104.211.243.159,104.211.204.237,13.71.93.220,13.71.91.110,13.71.94.201,40.78.194.96",
            "public_network_access_enabled": true,
            "resource_group_name": "fantasygaming-dev",
            "service_plan_id": "/subscriptions/a6069e41-20e6-4882-b1f8-eaa9ecb2b060/resourceGroups/fantasygaming-dev/providers/Microsoft.Web/serverfarms/functionapp_consumption_plan",
            "site_config": [
              {
                "always_on": false,
                "api_definition_url": "",
                "api_management_api_id": "",
                "app_command_line": "",
                "app_scale_limit": 200,
                "app_service_logs": [],
                "application_insights_connection_string": "",
                "application_insights_key": "5c546e06-b6fd-4051-86a7-25b77b5746cd",
                "application_stack": [
                  {
                    "dotnet_version": "v6.0",
                    "java_version": "",
                    "node_version": "",
                    "powershell_core_version": "",
                    "use_custom_runtime": false,
                    "use_dotnet_isolated_runtime": false
                  }
                ],
                "cors": [],
                "default_documents": [
                  "Default.htm",
                  "Default.html",
                  "Default.asp",
                  "index.htm",
                  "index.html",
                  "iisstart.htm",
                  "default.aspx",
                  "index.php"
                ],
                "detailed_error_logging_enabled": false,
                "elastic_instance_minimum": 0,
                "ftps_state": "Disabled",
                "health_check_eviction_time_in_min": 0,
                "health_check_path": "",
                "http2_enabled": false,
                "ip_restriction": [],
                "load_balancing_mode": "LeastRequests",
                "managed_pipeline_mode": "Integrated",
                "minimum_tls_version": "1.2",
                "pre_warmed_instance_count": 0,
                "remote_debugging_enabled": false,
                "remote_debugging_version": "",
                "runtime_scale_monitoring_enabled": false,
                "scm_ip_restriction": [],
                "scm_minimum_tls_version": "1.2",
                "scm_type": "None",
                "scm_use_main_ip_restriction": false,
                "use_32_bit_worker": true,
                "vnet_route_all_enabled": false,
                "websockets_enabled": false,
                "windows_fx_version": "",
                "worker_count": 1
              }
            ],
            "site_credential": [
              {
                "name": "$dev-Fantasy-Gaming-App",
                "password": "77u6cLqjnBitY2Diokkno14Dkv3pYuWq4q0Q5WbPK0ZzKyQE8pgwqxwxzBN6"
              }
            ],
            "sticky_settings": [],
            "storage_account": [],
            "storage_account_access_key": "arjChDhybwzIOZ8sNrV3CLOl31XBSXnQufii6Kpgq7Jlb0EKozG/5nk8Y+KAJUXyKIzHipI8trOz+ASt9vhMeQ==",
            "storage_account_name": "devfantasygamingstorage",
            "storage_key_vault_secret_id": "",
            "storage_uses_managed_identity": false,
            "tags": {
              "environment": "dev"
            },
            "timeouts": null,
            "virtual_network_subnet_id": "",
            "zip_deploy_file": ""
          },
          "sensitive_attributes": [
            [
              {
                "type": "get_attr",
                "value": "app_settings"
              },
              {
                "type": "index",
                "value": {
                  "value": "CosmosDbConnectionString",
                  "type": "string"
                }
              }
            ],
            [
              {
                "type": "get_attr",
                "value": "app_settings"
              },
              {
                "type": "index",
                "value": {
                  "value": "ServiceBusConnection",
                  "type": "string"
                }
              }
            ],
            [
              {
                "type": "get_attr",
                "value": "storage_account_access_key"
              }
            ]
          ],
          "private": "eyJlMmJmYjczMC1lY2FhLTExZTYtOGY4OC0zNDM2M2JjN2M0YzAiOnsiY3JlYXRlIjoxODAwMDAwMDAwMDAwLCJkZWxldGUiOjE4MDAwMDAwMDAwMDAsInJlYWQiOjMwMDAwMDAwMDAwMCwidXBkYXRlIjoxODAwMDAwMDAwMDAwfX0=",
          "dependencies": [
            "module.common.azurerm_resource_group.rg",
            "module.cosmosdb.azurerm_cosmosdb_account.fantasygaming-db-account",
            "module.cosmosdb.azurerm_cosmosdb_sql_container.fantasygaming-sql-container",
            "module.cosmosdb.azurerm_cosmosdb_sql_database.fantasygaming-sql-database",
            "module.cosmosdb.random_integer.sagalogic-ri",
            "module.functionapp.azurerm_application_insights.fantasygaming-application-insights",
            "module.functionapp.azurerm_log_analytics_workspace.fantasygaming-log-workspace",
            "module.functionapp.azurerm_service_plan.primary",
            "module.functionapp.azurerm_storage_account.fantasygaming-storage-account",
            "module.servicebus.azurerm_servicebus_namespace.busNamespace",
            "module.servicebus.azurerm_servicebus_namespace_authorization_rule.servicebusReaderWriter",
            "module.servicebus.azurerm_servicebus_queue.gameSvcMessagesErrorQueue",
            "module.servicebus.azurerm_servicebus_queue.gameSvcMessagesQueue",
            "module.servicebus.azurerm_servicebus_queue.paymentSvcMessagesErrorQueue",
            "module.servicebus.azurerm_servicebus_queue.paymentSvcMessagesQueue",
            "module.servicebus.azurerm_servicebus_queue.sagaReplyMessagesErrorQueue",
            "module.servicebus.azurerm_servicebus_queue.sagaReplyMessagesQueue"
          ]
        }
      ]
    },
    {
      "module": "module.servicebus",
      "mode": "managed",
      "type": "azurerm_servicebus_namespace",
      "name": "busNamespace",
      "provider": "provider[\"registry.terraform.io/hashicorp/azurerm\"]",
      "instances": [
        {
          "schema_version": 1,
          "attributes": {
            "capacity": 0,
            "customer_managed_key": [],
            "default_primary_connection_string": "Endpoint=sb://fantasygaming-bus.servicebus.windows.net/;SharedAccessKeyName=RootManageSharedAccessKey;SharedAccessKey=TosN3OcgdMSTnnVyq9tUM36wzuuGIE57t+ASbJckKag=",
            "default_primary_key": "TosN3OcgdMSTnnVyq9tUM36wzuuGIE57t+ASbJckKag=",
            "default_secondary_connection_string": "Endpoint=sb://fantasygaming-bus.servicebus.windows.net/;SharedAccessKeyName=RootManageSharedAccessKey;SharedAccessKey=cyefbXlKDkbjeHBHRXEB9/4MFBR39fLHX+ASbEo7ek8=",
            "default_secondary_key": "cyefbXlKDkbjeHBHRXEB9/4MFBR39fLHX+ASbEo7ek8=",
            "endpoint": "https://fantasygaming-bus.servicebus.windows.net:443/",
            "id": "/subscriptions/a6069e41-20e6-4882-b1f8-eaa9ecb2b060/resourceGroups/fantasygaming-dev/providers/Microsoft.ServiceBus/namespaces/fantasygaming-bus",
            "identity": [],
            "local_auth_enabled": true,
            "location": "southindia",
            "minimum_tls_version": "1.2",
            "name": "fantasygaming-bus",
            "public_network_access_enabled": true,
            "resource_group_name": "fantasygaming-dev",
            "sku": "Basic",
            "tags": {
              "BillingCode": "fantasygaming",
              "Environment": "dev"
            },
            "timeouts": null,
            "zone_redundant": false
          },
          "sensitive_attributes": [],
          "private": "eyJlMmJmYjczMC1lY2FhLTExZTYtOGY4OC0zNDM2M2JjN2M0YzAiOnsiY3JlYXRlIjoxODAwMDAwMDAwMDAwLCJkZWxldGUiOjE4MDAwMDAwMDAwMDAsInJlYWQiOjMwMDAwMDAwMDAwMCwidXBkYXRlIjoxODAwMDAwMDAwMDAwfSwic2NoZW1hX3ZlcnNpb24iOiIxIn0=",
          "dependencies": [
            "module.common.azurerm_resource_group.rg"
          ]
        }
      ]
    },
    {
      "module": "module.servicebus",
      "mode": "managed",
      "type": "azurerm_servicebus_namespace_authorization_rule",
      "name": "servicebusReaderWriter",
      "provider": "provider[\"registry.terraform.io/hashicorp/azurerm\"]",
      "instances": [
        {
          "schema_version": 1,
          "attributes": {
            "id": "/subscriptions/a6069e41-20e6-4882-b1f8-eaa9ecb2b060/resourceGroups/fantasygaming-dev/providers/Microsoft.ServiceBus/namespaces/fantasygaming-bus/authorizationRules/servicebusReaderWriter",
            "listen": true,
            "manage": false,
            "name": "servicebusReaderWriter",
            "namespace_id": "/subscriptions/a6069e41-20e6-4882-b1f8-eaa9ecb2b060/resourceGroups/fantasygaming-dev/providers/Microsoft.ServiceBus/namespaces/fantasygaming-bus",
            "primary_connection_string": "Endpoint=sb://fantasygaming-bus.servicebus.windows.net/;SharedAccessKeyName=servicebusReaderWriter;SharedAccessKey=cixIXB0z/nj4435pjOeFTzA6kv9JwNgg5+ASbBKHg2w=",
            "primary_connection_string_alias": "",
            "primary_key": "cixIXB0z/nj4435pjOeFTzA6kv9JwNgg5+ASbBKHg2w=",
            "secondary_connection_string": "Endpoint=sb://fantasygaming-bus.servicebus.windows.net/;SharedAccessKeyName=servicebusReaderWriter;SharedAccessKey=XyGW6tFw6e6kqZfHfG9dtJVkmHWD6aqe7+ASbDFf52c=",
            "secondary_connection_string_alias": "",
            "secondary_key": "XyGW6tFw6e6kqZfHfG9dtJVkmHWD6aqe7+ASbDFf52c=",
            "send": true,
            "timeouts": null
          },
          "sensitive_attributes": [],
          "private": "eyJlMmJmYjczMC1lY2FhLTExZTYtOGY4OC0zNDM2M2JjN2M0YzAiOnsiY3JlYXRlIjoxODAwMDAwMDAwMDAwLCJkZWxldGUiOjE4MDAwMDAwMDAwMDAsInJlYWQiOjMwMDAwMDAwMDAwMCwidXBkYXRlIjoxODAwMDAwMDAwMDAwfSwic2NoZW1hX3ZlcnNpb24iOiIxIn0=",
          "dependencies": [
            "module.common.azurerm_resource_group.rg",
            "module.servicebus.azurerm_servicebus_namespace.busNamespace"
          ]
        }
      ]
    },
    {
      "module": "module.servicebus",
      "mode": "managed",
      "type": "azurerm_servicebus_queue",
      "name": "gameSvcMessagesErrorQueue",
      "provider": "provider[\"registry.terraform.io/hashicorp/azurerm\"]",
      "instances": [
        {
          "schema_version": 0,
          "attributes": {
            "auto_delete_on_idle": "P10675199DT2H48M5.4775807S",
            "dead_lettering_on_message_expiration": false,
            "default_message_ttl": "PT30S",
            "duplicate_detection_history_time_window": "PT10M",
            "enable_batched_operations": true,
            "enable_express": false,
            "enable_partitioning": true,
            "forward_dead_lettered_messages_to": "",
            "forward_to": "",
            "id": "/subscriptions/a6069e41-20e6-4882-b1f8-eaa9ecb2b060/resourceGroups/fantasygaming-dev/providers/Microsoft.ServiceBus/namespaces/fantasygaming-bus/queues/gamesvc-error-queue",
            "lock_duration": "PT1M",
            "max_delivery_count": 10,
            "max_message_size_in_kilobytes": 256,
            "max_size_in_megabytes": 1024,
            "name": "gamesvc-error-queue",
            "namespace_id": "/subscriptions/a6069e41-20e6-4882-b1f8-eaa9ecb2b060/resourceGroups/fantasygaming-dev/providers/Microsoft.ServiceBus/namespaces/fantasygaming-bus",
            "requires_duplicate_detection": false,
            "requires_session": false,
            "status": "Active",
            "timeouts": null
          },
          "sensitive_attributes": [],
          "private": "eyJlMmJmYjczMC1lY2FhLTExZTYtOGY4OC0zNDM2M2JjN2M0YzAiOnsiY3JlYXRlIjoxODAwMDAwMDAwMDAwLCJkZWxldGUiOjE4MDAwMDAwMDAwMDAsInJlYWQiOjMwMDAwMDAwMDAwMCwidXBkYXRlIjoxODAwMDAwMDAwMDAwfX0=",
          "dependencies": [
            "module.common.azurerm_resource_group.rg",
            "module.servicebus.azurerm_servicebus_namespace.busNamespace"
          ]
        }
      ]
    },
    {
      "module": "module.servicebus",
      "mode": "managed",
      "type": "azurerm_servicebus_queue",
      "name": "gameSvcMessagesQueue",
      "provider": "provider[\"registry.terraform.io/hashicorp/azurerm\"]",
      "instances": [
        {
          "schema_version": 0,
          "attributes": {
            "auto_delete_on_idle": "P10675199DT2H48M5.4775807S",
            "dead_lettering_on_message_expiration": true,
            "default_message_ttl": "P14D",
            "duplicate_detection_history_time_window": "PT10M",
            "enable_batched_operations": true,
            "enable_express": false,
            "enable_partitioning": true,
            "forward_dead_lettered_messages_to": "gamesvc-error-queue",
            "forward_to": "",
            "id": "/subscriptions/a6069e41-20e6-4882-b1f8-eaa9ecb2b060/resourceGroups/fantasygaming-dev/providers/Microsoft.ServiceBus/namespaces/fantasygaming-bus/queues/gamesvc-queue",
            "lock_duration": "PT3M",
            "max_delivery_count": 1,
            "max_message_size_in_kilobytes": 256,
            "max_size_in_megabytes": 1024,
            "name": "gamesvc-queue",
            "namespace_id": "/subscriptions/a6069e41-20e6-4882-b1f8-eaa9ecb2b060/resourceGroups/fantasygaming-dev/providers/Microsoft.ServiceBus/namespaces/fantasygaming-bus",
            "requires_duplicate_detection": false,
            "requires_session": false,
            "status": "Active",
            "timeouts": null
          },
          "sensitive_attributes": [],
          "private": "eyJlMmJmYjczMC1lY2FhLTExZTYtOGY4OC0zNDM2M2JjN2M0YzAiOnsiY3JlYXRlIjoxODAwMDAwMDAwMDAwLCJkZWxldGUiOjE4MDAwMDAwMDAwMDAsInJlYWQiOjMwMDAwMDAwMDAwMCwidXBkYXRlIjoxODAwMDAwMDAwMDAwfX0=",
          "dependencies": [
            "module.common.azurerm_resource_group.rg",
            "module.servicebus.azurerm_servicebus_namespace.busNamespace",
            "module.servicebus.azurerm_servicebus_queue.gameSvcMessagesErrorQueue"
          ]
        }
      ]
    },
    {
      "module": "module.servicebus",
      "mode": "managed",
      "type": "azurerm_servicebus_queue",
      "name": "paymentSvcMessagesErrorQueue",
      "provider": "provider[\"registry.terraform.io/hashicorp/azurerm\"]",
      "instances": [
        {
          "schema_version": 0,
          "attributes": {
            "auto_delete_on_idle": "P10675199DT2H48M5.4775807S",
            "dead_lettering_on_message_expiration": false,
            "default_message_ttl": "PT30S",
            "duplicate_detection_history_time_window": "PT10M",
            "enable_batched_operations": true,
            "enable_express": false,
            "enable_partitioning": true,
            "forward_dead_lettered_messages_to": "",
            "forward_to": "",
            "id": "/subscriptions/a6069e41-20e6-4882-b1f8-eaa9ecb2b060/resourceGroups/fantasygaming-dev/providers/Microsoft.ServiceBus/namespaces/fantasygaming-bus/queues/paymentsvc-error-queue",
            "lock_duration": "PT1M",
            "max_delivery_count": 10,
            "max_message_size_in_kilobytes": 256,
            "max_size_in_megabytes": 1024,
            "name": "paymentsvc-error-queue",
            "namespace_id": "/subscriptions/a6069e41-20e6-4882-b1f8-eaa9ecb2b060/resourceGroups/fantasygaming-dev/providers/Microsoft.ServiceBus/namespaces/fantasygaming-bus",
            "requires_duplicate_detection": false,
            "requires_session": false,
            "status": "Active",
            "timeouts": null
          },
          "sensitive_attributes": [],
          "private": "eyJlMmJmYjczMC1lY2FhLTExZTYtOGY4OC0zNDM2M2JjN2M0YzAiOnsiY3JlYXRlIjoxODAwMDAwMDAwMDAwLCJkZWxldGUiOjE4MDAwMDAwMDAwMDAsInJlYWQiOjMwMDAwMDAwMDAwMCwidXBkYXRlIjoxODAwMDAwMDAwMDAwfX0=",
          "dependencies": [
            "module.common.azurerm_resource_group.rg",
            "module.servicebus.azurerm_servicebus_namespace.busNamespace"
          ]
        }
      ]
    },
    {
      "module": "module.servicebus",
      "mode": "managed",
      "type": "azurerm_servicebus_queue",
      "name": "paymentSvcMessagesQueue",
      "provider": "provider[\"registry.terraform.io/hashicorp/azurerm\"]",
      "instances": [
        {
          "schema_version": 0,
          "attributes": {
            "auto_delete_on_idle": "P10675199DT2H48M5.4775807S",
            "dead_lettering_on_message_expiration": true,
            "default_message_ttl": "P14D",
            "duplicate_detection_history_time_window": "PT10M",
            "enable_batched_operations": true,
            "enable_express": false,
            "enable_partitioning": true,
            "forward_dead_lettered_messages_to": "paymentsvc-error-queue",
            "forward_to": "",
            "id": "/subscriptions/a6069e41-20e6-4882-b1f8-eaa9ecb2b060/resourceGroups/fantasygaming-dev/providers/Microsoft.ServiceBus/namespaces/fantasygaming-bus/queues/paymentsvc-queue",
            "lock_duration": "PT3M",
            "max_delivery_count": 1,
            "max_message_size_in_kilobytes": 256,
            "max_size_in_megabytes": 1024,
            "name": "paymentsvc-queue",
            "namespace_id": "/subscriptions/a6069e41-20e6-4882-b1f8-eaa9ecb2b060/resourceGroups/fantasygaming-dev/providers/Microsoft.ServiceBus/namespaces/fantasygaming-bus",
            "requires_duplicate_detection": false,
            "requires_session": false,
            "status": "Active",
            "timeouts": null
          },
          "sensitive_attributes": [],
          "private": "eyJlMmJmYjczMC1lY2FhLTExZTYtOGY4OC0zNDM2M2JjN2M0YzAiOnsiY3JlYXRlIjoxODAwMDAwMDAwMDAwLCJkZWxldGUiOjE4MDAwMDAwMDAwMDAsInJlYWQiOjMwMDAwMDAwMDAwMCwidXBkYXRlIjoxODAwMDAwMDAwMDAwfX0=",
          "dependencies": [
            "module.common.azurerm_resource_group.rg",
            "module.servicebus.azurerm_servicebus_namespace.busNamespace",
            "module.servicebus.azurerm_servicebus_queue.paymentSvcMessagesErrorQueue"
          ]
        }
      ]
    },
    {
      "module": "module.servicebus",
      "mode": "managed",
      "type": "azurerm_servicebus_queue",
      "name": "sagaReplyMessagesErrorQueue",
      "provider": "provider[\"registry.terraform.io/hashicorp/azurerm\"]",
      "instances": [
        {
          "schema_version": 0,
          "attributes": {
            "auto_delete_on_idle": "P10675199DT2H48M5.4775807S",
            "dead_lettering_on_message_expiration": false,
            "default_message_ttl": "PT30S",
            "duplicate_detection_history_time_window": "PT10M",
            "enable_batched_operations": true,
            "enable_express": false,
            "enable_partitioning": true,
            "forward_dead_lettered_messages_to": "",
            "forward_to": "",
            "id": "/subscriptions/a6069e41-20e6-4882-b1f8-eaa9ecb2b060/resourceGroups/fantasygaming-dev/providers/Microsoft.ServiceBus/namespaces/fantasygaming-bus/queues/sagareply-error-queue",
            "lock_duration": "PT1M",
            "max_delivery_count": 10,
            "max_message_size_in_kilobytes": 256,
            "max_size_in_megabytes": 1024,
            "name": "sagareply-error-queue",
            "namespace_id": "/subscriptions/a6069e41-20e6-4882-b1f8-eaa9ecb2b060/resourceGroups/fantasygaming-dev/providers/Microsoft.ServiceBus/namespaces/fantasygaming-bus",
            "requires_duplicate_detection": false,
            "requires_session": false,
            "status": "Active",
            "timeouts": null
          },
          "sensitive_attributes": [],
          "private": "eyJlMmJmYjczMC1lY2FhLTExZTYtOGY4OC0zNDM2M2JjN2M0YzAiOnsiY3JlYXRlIjoxODAwMDAwMDAwMDAwLCJkZWxldGUiOjE4MDAwMDAwMDAwMDAsInJlYWQiOjMwMDAwMDAwMDAwMCwidXBkYXRlIjoxODAwMDAwMDAwMDAwfX0=",
          "dependencies": [
            "module.common.azurerm_resource_group.rg",
            "module.servicebus.azurerm_servicebus_namespace.busNamespace"
          ]
        }
      ]
    },
    {
      "module": "module.servicebus",
      "mode": "managed",
      "type": "azurerm_servicebus_queue",
      "name": "sagaReplyMessagesQueue",
      "provider": "provider[\"registry.terraform.io/hashicorp/azurerm\"]",
      "instances": [
        {
          "schema_version": 0,
          "attributes": {
            "auto_delete_on_idle": "P10675199DT2H48M5.4775807S",
            "dead_lettering_on_message_expiration": true,
            "default_message_ttl": "P14D",
            "duplicate_detection_history_time_window": "PT10M",
            "enable_batched_operations": true,
            "enable_express": false,
            "enable_partitioning": true,
            "forward_dead_lettered_messages_to": "sagareply-error-queue",
            "forward_to": "",
            "id": "/subscriptions/a6069e41-20e6-4882-b1f8-eaa9ecb2b060/resourceGroups/fantasygaming-dev/providers/Microsoft.ServiceBus/namespaces/fantasygaming-bus/queues/sagareply-queue",
            "lock_duration": "PT3M",
            "max_delivery_count": 1,
            "max_message_size_in_kilobytes": 256,
            "max_size_in_megabytes": 1024,
            "name": "sagareply-queue",
            "namespace_id": "/subscriptions/a6069e41-20e6-4882-b1f8-eaa9ecb2b060/resourceGroups/fantasygaming-dev/providers/Microsoft.ServiceBus/namespaces/fantasygaming-bus",
            "requires_duplicate_detection": false,
            "requires_session": false,
            "status": "Active",
            "timeouts": null
          },
          "sensitive_attributes": [],
          "private": "eyJlMmJmYjczMC1lY2FhLTExZTYtOGY4OC0zNDM2M2JjN2M0YzAiOnsiY3JlYXRlIjoxODAwMDAwMDAwMDAwLCJkZWxldGUiOjE4MDAwMDAwMDAwMDAsInJlYWQiOjMwMDAwMDAwMDAwMCwidXBkYXRlIjoxODAwMDAwMDAwMDAwfX0=",
          "dependencies": [
            "module.common.azurerm_resource_group.rg",
            "module.servicebus.azurerm_servicebus_namespace.busNamespace",
            "module.servicebus.azurerm_servicebus_queue.sagaReplyMessagesErrorQueue"
          ]
        }
      ]
    }
  ],
  "check_results": null
}
